
Microsoft Visual Studio Solution File, Format Version 12.00
# Visual Studio Version 16
VisualStudioVersion = 16.0.31624.102
MinimumVisualStudioVersion = 10.0.40219.1
Project("{8BC9CEB8-8B4A-11D0-8D11-00A0C91BC942}") = "04-01. 식의 값 출력하기", "04-01. 식의 값 출력하기\04-01. 식의 값 출력하기.vcxproj", "{6A4F017E-03F5-4E86-B186-EE2A98C4841C}"
EndProject
Project("{8BC9CEB8-8B4A-11D0-8D11-00A0C91BC942}") = "04-02. 변수 값 사용하기", "04-02. 변수 값 사용하기\04-02. 변수 값 사용하기.vcxproj", "{C0E726DF-01D1-430C-A38F-32829A770BC6}"
EndProject
Project("{8BC9CEB8-8B4A-11D0-8D11-00A0C91BC942}") = "04-03. 덧셈 프로그램", "04-03. 덧셈 프로그램\04-03. 덧셈 프로그램.vcxproj", "{173FCAF9-CD53-48F6-8C82-235427072A8A}"
EndProject
Project("{8BC9CEB8-8B4A-11D0-8D11-00A0C91BC942}") = "04-04. 다양한 연산자 이용하기", "04-04. 다양한 연산자 이용하기\04-04. 다양한 연산자 이용하기.vcxproj", "{244248BF-E8D3-4A70-8D68-0F2B58579BFF}"
EndProject
Project("{8BC9CEB8-8B4A-11D0-8D11-00A0C91BC942}") = "04-05. 전위, 후위 증가 연산자 사용하기", "04-05. 전위, 후위 증가 연산자 사용하기\04-05. 전위, 후위 증가 연산자 사용하기.vcxproj", "{906AA5A6-3A27-438C-9C65-D78895FAFB35}"
EndProject
Project("{8BC9CEB8-8B4A-11D0-8D11-00A0C91BC942}") = "02-01. 화면에 문자열 출력하기", "02-01. 화면에 문자열 출력하기\02-01. 화면에 문자열 출력하기.vcxproj", "{7A4AEDC1-09B4-43A9-9C14-60CBB80A3802}"
EndProject
Project("{8BC9CEB8-8B4A-11D0-8D11-00A0C91BC942}") = "02-02. print를 사용", "02-02. print를 사용\02-02. print를 사용.vcxproj", "{AA2F4DAC-B71A-412D-A7CF-926A786171CE}"
EndProject
Project("{8BC9CEB8-8B4A-11D0-8D11-00A0C91BC942}") = "02-03. 다양한 값 출력하기", "02-03. 다양한 값 출력하기\02-03. 다양한 값 출력하기.vcxproj", "{0747FF42-6A8D-4815-848F-01BDFD5837B7}"
EndProject
Project("{8BC9CEB8-8B4A-11D0-8D11-00A0C91BC942}") = "02-04. 특수 문자 출력하기", "02-04. 특수 문자 출력하기\02-04. 특수 문자 출력하기.vcxproj", "{D7E87FE4-4384-4AB8-A36F-9D37EFEC67A8}"
EndProject
Project("{8BC9CEB8-8B4A-11D0-8D11-00A0C91BC942}") = "02-05. 문자 코드 사용하기", "02-05. 문자 코드 사용하기\02-05. 문자 코드 사용하기.vcxproj", "{F22C7C46-2147-49F4-A24F-C8026B079C2B}"
EndProject
Project("{8BC9CEB8-8B4A-11D0-8D11-00A0C91BC942}") = "02-06. 10진수 이외의 표기법으로 표기하기", "02-06. 10진수 이외의 표기법으로 표기하기\02-06. 10진수 이외의 표기법으로 표기하기.vcxproj", "{6B636ABC-9836-43CC-B154-0745EA3F5D84}"
EndProject
Project("{8BC9CEB8-8B4A-11D0-8D11-00A0C91BC942}") = "03-01. 변수 사용하기", "03-01. 변수 사용하기\03-01. 변수 사용하기.vcxproj", "{D2F88DAC-632A-410B-BF38-CA33539B3A1D}"
EndProject
Project("{8BC9CEB8-8B4A-11D0-8D11-00A0C91BC942}") = "03-02. 변수의 값 바꾸기", "03-02. 변수의 값 바꾸기\03-02. 변수의 값 바꾸기.vcxproj", "{5F464B9F-D676-4881-A173-A68DCF4BA0B3}"
EndProject
Project("{8BC9CEB8-8B4A-11D0-8D11-00A0C91BC942}") = "03-03. 다른 변수에 값 대입하기", "03-03. 다른 변수에 값 대입하기\03-03. 다른 변수에 값 대입하기.vcxproj", "{FF0AF575-2EF1-42F4-97A3-361AE7423CBF}"
EndProject
Project("{8BC9CEB8-8B4A-11D0-8D11-00A0C91BC942}") = "03-04. 값 대입하기", "03-04. 값 대입하기\03-04. 값 대입하기.vcxproj", "{35B46BB9-48CB-4EC8-A3A5-28A190BA4D18}"
EndProject
Project("{8BC9CEB8-8B4A-11D0-8D11-00A0C91BC942}") = "03-05. 변수의 값 바꾸기", "03-05. 변수의 값 바꾸기\03-05. 변수의 값 바꾸기.vcxproj", "{852EB437-F21B-4FC8-802D-94717FCE7BF8}"
EndProject
Project("{8BC9CEB8-8B4A-11D0-8D11-00A0C91BC942}") = "03-06. 2개 이상의 숫자를 연속해서 입력받기", "03-06. 2개 이상의 숫자를 연속해서 입력받기\03-06. 2개 이상의 숫자를 연속해서 입력받기.vcxproj", "{803E8C54-D671-4F66-873A-8FEA4B9C723E}"
EndProject
Project("{8BC9CEB8-8B4A-11D0-8D11-00A0C91BC942}") = "03-07. 상수 이용하기", "03-07. 상수 이용하기\03-07. 상수 이용하기.vcxproj", "{FA9C2C06-82F2-4B3E-B74C-3A3B339DF70F}"
EndProject
Global
	GlobalSection(SolutionConfigurationPlatforms) = preSolution
		Debug|x64 = Debug|x64
		Debug|x86 = Debug|x86
		Release|x64 = Release|x64
		Release|x86 = Release|x86
	EndGlobalSection
	GlobalSection(ProjectConfigurationPlatforms) = postSolution
		{6A4F017E-03F5-4E86-B186-EE2A98C4841C}.Debug|x64.ActiveCfg = Debug|x64
		{6A4F017E-03F5-4E86-B186-EE2A98C4841C}.Debug|x64.Build.0 = Debug|x64
		{6A4F017E-03F5-4E86-B186-EE2A98C4841C}.Debug|x86.ActiveCfg = Debug|Win32
		{6A4F017E-03F5-4E86-B186-EE2A98C4841C}.Debug|x86.Build.0 = Debug|Win32
		{6A4F017E-03F5-4E86-B186-EE2A98C4841C}.Release|x64.ActiveCfg = Release|x64
		{6A4F017E-03F5-4E86-B186-EE2A98C4841C}.Release|x64.Build.0 = Release|x64
		{6A4F017E-03F5-4E86-B186-EE2A98C4841C}.Release|x86.ActiveCfg = Release|Win32
		{6A4F017E-03F5-4E86-B186-EE2A98C4841C}.Release|x86.Build.0 = Release|Win32
		{C0E726DF-01D1-430C-A38F-32829A770BC6}.Debug|x64.ActiveCfg = Debug|x64
		{C0E726DF-01D1-430C-A38F-32829A770BC6}.Debug|x64.Build.0 = Debug|x64
		{C0E726DF-01D1-430C-A38F-32829A770BC6}.Debug|x86.ActiveCfg = Debug|Win32
		{C0E726DF-01D1-430C-A38F-32829A770BC6}.Debug|x86.Build.0 = Debug|Win32
		{C0E726DF-01D1-430C-A38F-32829A770BC6}.Release|x64.ActiveCfg = Release|x64
		{C0E726DF-01D1-430C-A38F-32829A770BC6}.Release|x64.Build.0 = Release|x64
		{C0E726DF-01D1-430C-A38F-32829A770BC6}.Release|x86.ActiveCfg = Release|Win32
		{C0E726DF-01D1-430C-A38F-32829A770BC6}.Release|x86.Build.0 = Release|Win32
		{173FCAF9-CD53-48F6-8C82-235427072A8A}.Debug|x64.ActiveCfg = Debug|x64
		{173FCAF9-CD53-48F6-8C82-235427072A8A}.Debug|x64.Build.0 = Debug|x64
		{173FCAF9-CD53-48F6-8C82-235427072A8A}.Debug|x86.ActiveCfg = Debug|Win32
		{173FCAF9-CD53-48F6-8C82-235427072A8A}.Debug|x86.Build.0 = Debug|Win32
		{173FCAF9-CD53-48F6-8C82-235427072A8A}.Release|x64.ActiveCfg = Release|x64
		{173FCAF9-CD53-48F6-8C82-235427072A8A}.Release|x64.Build.0 = Release|x64
		{173FCAF9-CD53-48F6-8C82-235427072A8A}.Release|x86.ActiveCfg = Release|Win32
		{173FCAF9-CD53-48F6-8C82-235427072A8A}.Release|x86.Build.0 = Release|Win32
		{244248BF-E8D3-4A70-8D68-0F2B58579BFF}.Debug|x64.ActiveCfg = Debug|x64
		{244248BF-E8D3-4A70-8D68-0F2B58579BFF}.Debug|x64.Build.0 = Debug|x64
		{244248BF-E8D3-4A70-8D68-0F2B58579BFF}.Debug|x86.ActiveCfg = Debug|Win32
		{244248BF-E8D3-4A70-8D68-0F2B58579BFF}.Debug|x86.Build.0 = Debug|Win32
		{244248BF-E8D3-4A70-8D68-0F2B58579BFF}.Release|x64.ActiveCfg = Release|x64
		{244248BF-E8D3-4A70-8D68-0F2B58579BFF}.Release|x64.Build.0 = Release|x64
		{244248BF-E8D3-4A70-8D68-0F2B58579BFF}.Release|x86.ActiveCfg = Release|Win32
		{244248BF-E8D3-4A70-8D68-0F2B58579BFF}.Release|x86.Build.0 = Release|Win32
		{906AA5A6-3A27-438C-9C65-D78895FAFB35}.Debug|x64.ActiveCfg = Debug|x64
		{906AA5A6-3A27-438C-9C65-D78895FAFB35}.Debug|x64.Build.0 = Debug|x64
		{906AA5A6-3A27-438C-9C65-D78895FAFB35}.Debug|x86.ActiveCfg = Debug|Win32
		{906AA5A6-3A27-438C-9C65-D78895FAFB35}.Debug|x86.Build.0 = Debug|Win32
		{906AA5A6-3A27-438C-9C65-D78895FAFB35}.Release|x64.ActiveCfg = Release|x64
		{906AA5A6-3A27-438C-9C65-D78895FAFB35}.Release|x64.Build.0 = Release|x64
		{906AA5A6-3A27-438C-9C65-D78895FAFB35}.Release|x86.ActiveCfg = Release|Win32
		{906AA5A6-3A27-438C-9C65-D78895FAFB35}.Release|x86.Build.0 = Release|Win32
		{7A4AEDC1-09B4-43A9-9C14-60CBB80A3802}.Debug|x64.ActiveCfg = Debug|x64
		{7A4AEDC1-09B4-43A9-9C14-60CBB80A3802}.Debug|x64.Build.0 = Debug|x64
		{7A4AEDC1-09B4-43A9-9C14-60CBB80A3802}.Debug|x86.ActiveCfg = Debug|Win32
		{7A4AEDC1-09B4-43A9-9C14-60CBB80A3802}.Debug|x86.Build.0 = Debug|Win32
		{7A4AEDC1-09B4-43A9-9C14-60CBB80A3802}.Release|x64.ActiveCfg = Release|x64
		{7A4AEDC1-09B4-43A9-9C14-60CBB80A3802}.Release|x64.Build.0 = Release|x64
		{7A4AEDC1-09B4-43A9-9C14-60CBB80A3802}.Release|x86.ActiveCfg = Release|Win32
		{7A4AEDC1-09B4-43A9-9C14-60CBB80A3802}.Release|x86.Build.0 = Release|Win32
		{AA2F4DAC-B71A-412D-A7CF-926A786171CE}.Debug|x64.ActiveCfg = Debug|x64
		{AA2F4DAC-B71A-412D-A7CF-926A786171CE}.Debug|x64.Build.0 = Debug|x64
		{AA2F4DAC-B71A-412D-A7CF-926A786171CE}.Debug|x86.ActiveCfg = Debug|Win32
		{AA2F4DAC-B71A-412D-A7CF-926A786171CE}.Debug|x86.Build.0 = Debug|Win32
		{AA2F4DAC-B71A-412D-A7CF-926A786171CE}.Release|x64.ActiveCfg = Release|x64
		{AA2F4DAC-B71A-412D-A7CF-926A786171CE}.Release|x64.Build.0 = Release|x64
		{AA2F4DAC-B71A-412D-A7CF-926A786171CE}.Release|x86.ActiveCfg = Release|Win32
		{AA2F4DAC-B71A-412D-A7CF-926A786171CE}.Release|x86.Build.0 = Release|Win32
		{0747FF42-6A8D-4815-848F-01BDFD5837B7}.Debug|x64.ActiveCfg = Debug|x64
		{0747FF42-6A8D-4815-848F-01BDFD5837B7}.Debug|x64.Build.0 = Debug|x64
		{0747FF42-6A8D-4815-848F-01BDFD5837B7}.Debug|x86.ActiveCfg = Debug|Win32
		{0747FF42-6A8D-4815-848F-01BDFD5837B7}.Debug|x86.Build.0 = Debug|Win32
		{0747FF42-6A8D-4815-848F-01BDFD5837B7}.Release|x64.ActiveCfg = Release|x64
		{0747FF42-6A8D-4815-848F-01BDFD5837B7}.Release|x64.Build.0 = Release|x64
		{0747FF42-6A8D-4815-848F-01BDFD5837B7}.Release|x86.ActiveCfg = Release|Win32
		{0747FF42-6A8D-4815-848F-01BDFD5837B7}.Release|x86.Build.0 = Release|Win32
		{D7E87FE4-4384-4AB8-A36F-9D37EFEC67A8}.Debug|x64.ActiveCfg = Debug|x64
		{D7E87FE4-4384-4AB8-A36F-9D37EFEC67A8}.Debug|x64.Build.0 = Debug|x64
		{D7E87FE4-4384-4AB8-A36F-9D37EFEC67A8}.Debug|x86.ActiveCfg = Debug|Win32
		{D7E87FE4-4384-4AB8-A36F-9D37EFEC67A8}.Debug|x86.Build.0 = Debug|Win32
		{D7E87FE4-4384-4AB8-A36F-9D37EFEC67A8}.Release|x64.ActiveCfg = Release|x64
		{D7E87FE4-4384-4AB8-A36F-9D37EFEC67A8}.Release|x64.Build.0 = Release|x64
		{D7E87FE4-4384-4AB8-A36F-9D37EFEC67A8}.Release|x86.ActiveCfg = Release|Win32
		{D7E87FE4-4384-4AB8-A36F-9D37EFEC67A8}.Release|x86.Build.0 = Release|Win32
		{F22C7C46-2147-49F4-A24F-C8026B079C2B}.Debug|x64.ActiveCfg = Debug|x64
		{F22C7C46-2147-49F4-A24F-C8026B079C2B}.Debug|x64.Build.0 = Debug|x64
		{F22C7C46-2147-49F4-A24F-C8026B079C2B}.Debug|x86.ActiveCfg = Debug|Win32
		{F22C7C46-2147-49F4-A24F-C8026B079C2B}.Debug|x86.Build.0 = Debug|Win32
		{F22C7C46-2147-49F4-A24F-C8026B079C2B}.Release|x64.ActiveCfg = Release|x64
		{F22C7C46-2147-49F4-A24F-C8026B079C2B}.Release|x64.Build.0 = Release|x64
		{F22C7C46-2147-49F4-A24F-C8026B079C2B}.Release|x86.ActiveCfg = Release|Win32
		{F22C7C46-2147-49F4-A24F-C8026B079C2B}.Release|x86.Build.0 = Release|Win32
		{6B636ABC-9836-43CC-B154-0745EA3F5D84}.Debug|x64.ActiveCfg = Debug|x64
		{6B636ABC-9836-43CC-B154-0745EA3F5D84}.Debug|x64.Build.0 = Debug|x64
		{6B636ABC-9836-43CC-B154-0745EA3F5D84}.Debug|x86.ActiveCfg = Debug|Win32
		{6B636ABC-9836-43CC-B154-0745EA3F5D84}.Debug|x86.Build.0 = Debug|Win32
		{6B636ABC-9836-43CC-B154-0745EA3F5D84}.Release|x64.ActiveCfg = Release|x64
		{6B636ABC-9836-43CC-B154-0745EA3F5D84}.Release|x64.Build.0 = Release|x64
		{6B636ABC-9836-43CC-B154-0745EA3F5D84}.Release|x86.ActiveCfg = Release|Win32
		{6B636ABC-9836-43CC-B154-0745EA3F5D84}.Release|x86.Build.0 = Release|Win32
		{D2F88DAC-632A-410B-BF38-CA33539B3A1D}.Debug|x64.ActiveCfg = Debug|x64
		{D2F88DAC-632A-410B-BF38-CA33539B3A1D}.Debug|x64.Build.0 = Debug|x64
		{D2F88DAC-632A-410B-BF38-CA33539B3A1D}.Debug|x86.ActiveCfg = Debug|Win32
		{D2F88DAC-632A-410B-BF38-CA33539B3A1D}.Debug|x86.Build.0 = Debug|Win32
		{D2F88DAC-632A-410B-BF38-CA33539B3A1D}.Release|x64.ActiveCfg = Release|x64
		{D2F88DAC-632A-410B-BF38-CA33539B3A1D}.Release|x64.Build.0 = Release|x64
		{D2F88DAC-632A-410B-BF38-CA33539B3A1D}.Release|x86.ActiveCfg = Release|Win32
		{D2F88DAC-632A-410B-BF38-CA33539B3A1D}.Release|x86.Build.0 = Release|Win32
		{5F464B9F-D676-4881-A173-A68DCF4BA0B3}.Debug|x64.ActiveCfg = Debug|x64
		{5F464B9F-D676-4881-A173-A68DCF4BA0B3}.Debug|x64.Build.0 = Debug|x64
		{5F464B9F-D676-4881-A173-A68DCF4BA0B3}.Debug|x86.ActiveCfg = Debug|Win32
		{5F464B9F-D676-4881-A173-A68DCF4BA0B3}.Debug|x86.Build.0 = Debug|Win32
		{5F464B9F-D676-4881-A173-A68DCF4BA0B3}.Release|x64.ActiveCfg = Release|x64
		{5F464B9F-D676-4881-A173-A68DCF4BA0B3}.Release|x64.Build.0 = Release|x64
		{5F464B9F-D676-4881-A173-A68DCF4BA0B3}.Release|x86.ActiveCfg = Release|Win32
		{5F464B9F-D676-4881-A173-A68DCF4BA0B3}.Release|x86.Build.0 = Release|Win32
		{FF0AF575-2EF1-42F4-97A3-361AE7423CBF}.Debug|x64.ActiveCfg = Debug|x64
		{FF0AF575-2EF1-42F4-97A3-361AE7423CBF}.Debug|x64.Build.0 = Debug|x64
		{FF0AF575-2EF1-42F4-97A3-361AE7423CBF}.Debug|x86.ActiveCfg = Debug|Win32
		{FF0AF575-2EF1-42F4-97A3-361AE7423CBF}.Debug|x86.Build.0 = Debug|Win32
		{FF0AF575-2EF1-42F4-97A3-361AE7423CBF}.Release|x64.ActiveCfg = Release|x64
		{FF0AF575-2EF1-42F4-97A3-361AE7423CBF}.Release|x64.Build.0 = Release|x64
		{FF0AF575-2EF1-42F4-97A3-361AE7423CBF}.Release|x86.ActiveCfg = Release|Win32
		{FF0AF575-2EF1-42F4-97A3-361AE7423CBF}.Release|x86.Build.0 = Release|Win32
		{35B46BB9-48CB-4EC8-A3A5-28A190BA4D18}.Debug|x64.ActiveCfg = Debug|x64
		{35B46BB9-48CB-4EC8-A3A5-28A190BA4D18}.Debug|x64.Build.0 = Debug|x64
		{35B46BB9-48CB-4EC8-A3A5-28A190BA4D18}.Debug|x86.ActiveCfg = Debug|Win32
		{35B46BB9-48CB-4EC8-A3A5-28A190BA4D18}.Debug|x86.Build.0 = Debug|Win32
		{35B46BB9-48CB-4EC8-A3A5-28A190BA4D18}.Release|x64.ActiveCfg = Release|x64
		{35B46BB9-48CB-4EC8-A3A5-28A190BA4D18}.Release|x64.Build.0 = Release|x64
		{35B46BB9-48CB-4EC8-A3A5-28A190BA4D18}.Release|x86.ActiveCfg = Release|Win32
		{35B46BB9-48CB-4EC8-A3A5-28A190BA4D18}.Release|x86.Build.0 = Release|Win32
		{852EB437-F21B-4FC8-802D-94717FCE7BF8}.Debug|x64.ActiveCfg = Debug|x64
		{852EB437-F21B-4FC8-802D-94717FCE7BF8}.Debug|x64.Build.0 = Debug|x64
		{852EB437-F21B-4FC8-802D-94717FCE7BF8}.Debug|x86.ActiveCfg = Debug|Win32
		{852EB437-F21B-4FC8-802D-94717FCE7BF8}.Debug|x86.Build.0 = Debug|Win32
		{852EB437-F21B-4FC8-802D-94717FCE7BF8}.Release|x64.ActiveCfg = Release|x64
		{852EB437-F21B-4FC8-802D-94717FCE7BF8}.Release|x64.Build.0 = Release|x64
		{852EB437-F21B-4FC8-802D-94717FCE7BF8}.Release|x86.ActiveCfg = Release|Win32
		{852EB437-F21B-4FC8-802D-94717FCE7BF8}.Release|x86.Build.0 = Release|Win32
		{803E8C54-D671-4F66-873A-8FEA4B9C723E}.Debug|x64.ActiveCfg = Debug|x64
		{803E8C54-D671-4F66-873A-8FEA4B9C723E}.Debug|x64.Build.0 = Debug|x64
		{803E8C54-D671-4F66-873A-8FEA4B9C723E}.Debug|x86.ActiveCfg = Debug|Win32
		{803E8C54-D671-4F66-873A-8FEA4B9C723E}.Debug|x86.Build.0 = Debug|Win32
		{803E8C54-D671-4F66-873A-8FEA4B9C723E}.Release|x64.ActiveCfg = Release|x64
		{803E8C54-D671-4F66-873A-8FEA4B9C723E}.Release|x64.Build.0 = Release|x64
		{803E8C54-D671-4F66-873A-8FEA4B9C723E}.Release|x86.ActiveCfg = Release|Win32
		{803E8C54-D671-4F66-873A-8FEA4B9C723E}.Release|x86.Build.0 = Release|Win32
		{FA9C2C06-82F2-4B3E-B74C-3A3B339DF70F}.Debug|x64.ActiveCfg = Debug|x64
		{FA9C2C06-82F2-4B3E-B74C-3A3B339DF70F}.Debug|x64.Build.0 = Debug|x64
		{FA9C2C06-82F2-4B3E-B74C-3A3B339DF70F}.Debug|x86.ActiveCfg = Debug|Win32
		{FA9C2C06-82F2-4B3E-B74C-3A3B339DF70F}.Debug|x86.Build.0 = Debug|Win32
		{FA9C2C06-82F2-4B3E-B74C-3A3B339DF70F}.Release|x64.ActiveCfg = Release|x64
		{FA9C2C06-82F2-4B3E-B74C-3A3B339DF70F}.Release|x64.Build.0 = Release|x64
		{FA9C2C06-82F2-4B3E-B74C-3A3B339DF70F}.Release|x86.ActiveCfg = Release|Win32
		{FA9C2C06-82F2-4B3E-B74C-3A3B339DF70F}.Release|x86.Build.0 = Release|Win32
	EndGlobalSection
	GlobalSection(SolutionProperties) = preSolution
		HideSolutionNode = FALSE
	EndGlobalSection
	GlobalSection(ExtensibilityGlobals) = postSolution
		SolutionGuid = {4AC7A728-E609-482A-8284-0309DF82AE55}
	EndGlobalSection
EndGlobal
