
Microsoft Visual Studio Solution File, Format Version 12.00
# Visual Studio Version 16
VisualStudioVersion = 16.0.31624.102
MinimumVisualStudioVersion = 10.0.40219.1
Project("{8BC9CEB8-8B4A-11D0-8D11-00A0C91BC942}") = "04-01. 식의 값 출력하기", "04-01. 식의 값 출력하기\04-01. 식의 값 출력하기.vcxproj", "{6A4F017E-03F5-4E86-B186-EE2A98C4841C}"
EndProject
Project("{8BC9CEB8-8B4A-11D0-8D11-00A0C91BC942}") = "04-02. 변수 값 사용하기", "04-02. 변수 값 사용하기\04-02. 변수 값 사용하기.vcxproj", "{C0E726DF-01D1-430C-A38F-32829A770BC6}"
EndProject
Project("{8BC9CEB8-8B4A-11D0-8D11-00A0C91BC942}") = "04-03. 덧셈 프로그램", "04-03. 덧셈 프로그램\04-03. 덧셈 프로그램.vcxproj", "{173FCAF9-CD53-48F6-8C82-235427072A8A}"
EndProject
Project("{8BC9CEB8-8B4A-11D0-8D11-00A0C91BC942}") = "04-04. 다양한 연산자 이용하기", "04-04. 다양한 연산자 이용하기\04-04. 다양한 연산자 이용하기.vcxproj", "{244248BF-E8D3-4A70-8D68-0F2B58579BFF}"
EndProject
Project("{8BC9CEB8-8B4A-11D0-8D11-00A0C91BC942}") = "04-05. 전위, 후위 증가 연산자 사용하기", "04-05. 전위, 후위 증가 연산자 사용하기\04-05. 전위, 후위 증가 연산자 사용하기.vcxproj", "{906AA5A6-3A27-438C-9C65-D78895FAFB35}"
EndProject
Project("{8BC9CEB8-8B4A-11D0-8D11-00A0C91BC942}") = "02-01. 화면에 문자열 출력하기", "02-01. 화면에 문자열 출력하기\02-01. 화면에 문자열 출력하기.vcxproj", "{7A4AEDC1-09B4-43A9-9C14-60CBB80A3802}"
EndProject
Project("{8BC9CEB8-8B4A-11D0-8D11-00A0C91BC942}") = "02-02. print를 사용", "02-02. print를 사용\02-02. print를 사용.vcxproj", "{AA2F4DAC-B71A-412D-A7CF-926A786171CE}"
EndProject
Project("{8BC9CEB8-8B4A-11D0-8D11-00A0C91BC942}") = "02-03. 다양한 값 출력하기", "02-03. 다양한 값 출력하기\02-03. 다양한 값 출력하기.vcxproj", "{0747FF42-6A8D-4815-848F-01BDFD5837B7}"
EndProject
Project("{8BC9CEB8-8B4A-11D0-8D11-00A0C91BC942}") = "02-04. 특수 문자 출력하기", "02-04. 특수 문자 출력하기\02-04. 특수 문자 출력하기.vcxproj", "{D7E87FE4-4384-4AB8-A36F-9D37EFEC67A8}"
EndProject
Project("{8BC9CEB8-8B4A-11D0-8D11-00A0C91BC942}") = "02-05. 문자 코드 사용하기", "02-05. 문자 코드 사용하기\02-05. 문자 코드 사용하기.vcxproj", "{F22C7C46-2147-49F4-A24F-C8026B079C2B}"
EndProject
Project("{8BC9CEB8-8B4A-11D0-8D11-00A0C91BC942}") = "02-06. 10진수 이외의 표기법으로 표기하기", "02-06. 10진수 이외의 표기법으로 표기하기\02-06. 10진수 이외의 표기법으로 표기하기.vcxproj", "{6B636ABC-9836-43CC-B154-0745EA3F5D84}"
EndProject
Project("{8BC9CEB8-8B4A-11D0-8D11-00A0C91BC942}") = "03-01. 변수 사용하기", "03-01. 변수 사용하기\03-01. 변수 사용하기.vcxproj", "{D2F88DAC-632A-410B-BF38-CA33539B3A1D}"
EndProject
Project("{8BC9CEB8-8B4A-11D0-8D11-00A0C91BC942}") = "03-02. 변수의 값 바꾸기", "03-02. 변수의 값 바꾸기\03-02. 변수의 값 바꾸기.vcxproj", "{5F464B9F-D676-4881-A173-A68DCF4BA0B3}"
EndProject
Project("{8BC9CEB8-8B4A-11D0-8D11-00A0C91BC942}") = "03-03. 다른 변수에 값 대입하기", "03-03. 다른 변수에 값 대입하기\03-03. 다른 변수에 값 대입하기.vcxproj", "{FF0AF575-2EF1-42F4-97A3-361AE7423CBF}"
EndProject
Project("{8BC9CEB8-8B4A-11D0-8D11-00A0C91BC942}") = "03-04. 값 대입하기", "03-04. 값 대입하기\03-04. 값 대입하기.vcxproj", "{35B46BB9-48CB-4EC8-A3A5-28A190BA4D18}"
EndProject
Project("{8BC9CEB8-8B4A-11D0-8D11-00A0C91BC942}") = "03-05. 변수의 값 바꾸기", "03-05. 변수의 값 바꾸기\03-05. 변수의 값 바꾸기.vcxproj", "{852EB437-F21B-4FC8-802D-94717FCE7BF8}"
EndProject
Project("{8BC9CEB8-8B4A-11D0-8D11-00A0C91BC942}") = "03-06. 2개 이상의 숫자를 연속해서 입력받기", "03-06. 2개 이상의 숫자를 연속해서 입력받기\03-06. 2개 이상의 숫자를 연속해서 입력받기.vcxproj", "{803E8C54-D671-4F66-873A-8FEA4B9C723E}"
EndProject
Project("{8BC9CEB8-8B4A-11D0-8D11-00A0C91BC942}") = "03-07. 상수 이용하기", "03-07. 상수 이용하기\03-07. 상수 이용하기.vcxproj", "{FA9C2C06-82F2-4B3E-B74C-3A3B339DF70F}"
EndProject
Project("{8BC9CEB8-8B4A-11D0-8D11-00A0C91BC942}") = "04-06. 복합 대입 연산자 사용하기", "04-06. 복합 대입 연산자 사용하기\04-06. 복합 대입 연산자 사용하기.vcxproj", "{60B578DD-B5D2-4D71-BB5D-1B30208EFC5F}"
EndProject
Project("{8BC9CEB8-8B4A-11D0-8D11-00A0C91BC942}") = "04-07. size of 연산자 사용하기", "04-07. size of 연산자 사용하기\04-07. size of 연산자 사용하기.vcxproj", "{B6EF2359-3AE7-4810-B5FD-5817EEC28BDA}"
EndProject
Project("{8BC9CEB8-8B4A-11D0-8D11-00A0C91BC942}") = "04-08. 큰 사이즈의 형에 대입하기", "04-08. 큰 사이즈의 형에 대입하기\04-08. 큰 사이즈의 형에 대입하기.vcxproj", "{D063D8B5-88DA-4791-B249-0C849DB4224A}"
EndProject
Project("{8BC9CEB8-8B4A-11D0-8D11-00A0C91BC942}") = "04-09. 작은 사이즈의 변수에 대입하기", "04-09. 작은 사이즈의 변수에 대입하기\04-09. 작은 사이즈의 변수에 대입하기.vcxproj", "{D5BC96AE-FCA1-470D-9C53-81926C4B824C}"
EndProject
Project("{8BC9CEB8-8B4A-11D0-8D11-00A0C91BC942}") = "04-10. 다른 형의 변수와 연산하기", "04-10. 다른 형의 변수와 연산하기\04-10. 다른 형의 변수와 연산하기.vcxproj", "{AEEC1582-E1D2-4E82-8853-B7DEC80C465C}"
EndProject
Project("{8BC9CEB8-8B4A-11D0-8D11-00A0C91BC942}") = "04-11. 같은 형의 변수와 연산하기", "04-11. 같은 형의 변수와 연산하기\04-11. 같은 형의 변수와 연산하기.vcxproj", "{9C6FFB97-5C0F-4DCA-9D25-6D5CE7D39DB8}"
EndProject
Project("{8BC9CEB8-8B4A-11D0-8D11-00A0C91BC942}") = "05-01. if 문 사용하기", "05-01. if 문 사용하기\05-01. if 문 사용하기.vcxproj", "{D67E5F11-DD95-4CA7-A328-8A26C14863AB}"
EndProject
Project("{8BC9CEB8-8B4A-11D0-8D11-00A0C91BC942}") = "05-02. 여러 개의 문장을 if 문 안에서 실행시키기", "05-02. 여러 개의 문장을 if 문 안에서 실행시키기\05-02. 여러 개의 문장을 if 문 안에서 실행시키기.vcxproj", "{41F4F833-2D89-4053-A409-CA20F78057BE}"
EndProject
Project("{8BC9CEB8-8B4A-11D0-8D11-00A0C91BC942}") = "05-03. if~else 문 사용하기", "05-03. if~else 문 사용하기\05-03. if~else 문 사용하기.vcxproj", "{703FCFB6-BE03-4CDD-A363-D29086923785}"
EndProject
Project("{8BC9CEB8-8B4A-11D0-8D11-00A0C91BC942}") = "05-04. if~else if~else 문 사용하기", "05-04. if~else if~else 문 사용하기\05-04. if~else if~else 문 사용하기.vcxproj", "{449BC836-E504-429E-99B1-715000EFE134}"
EndProject
Project("{8BC9CEB8-8B4A-11D0-8D11-00A0C91BC942}") = "05-05. switch 문 사용하기", "05-05. switch 문 사용하기\05-05. switch 문 사용하기.vcxproj", "{29BAC7B7-DAE3-4B64-8423-F0FB989D0F70}"
EndProject
Project("{8BC9CEB8-8B4A-11D0-8D11-00A0C91BC942}") = "05-06. 논리 연산자로 조건 작성하기", "05-06. 논리 연산자로 조건 작성하기\05-06. 논리 연산자로 조건 작성하기.vcxproj", "{6D096526-11E6-4E81-8406-37A682EC1A90}"
EndProject
Project("{8BC9CEB8-8B4A-11D0-8D11-00A0C91BC942}") = "05-07. 조건 연산자 사용하기", "05-07. 조건 연산자 사용하기\05-07. 조건 연산자 사용하기.vcxproj", "{4C981C4F-6432-43F1-8D79-9F36FA9F76E1}"
EndProject
Project("{8BC9CEB8-8B4A-11D0-8D11-00A0C91BC942}") = "06-01. for 문 사용하기", "06-01. for 문 사용하기\06-01. for 문 사용하기.vcxproj", "{D306E2B8-2231-437D-ABB9-DA38A98AF20C}"
EndProject
Project("{8BC9CEB8-8B4A-11D0-8D11-00A0C91BC942}") = "06-02. 반복 횟수를 출력하기", "06-02. 반복 횟수를 출력하기\06-02. 반복 횟수를 출력하기.vcxproj", "{E796BDF3-CD16-4FB3-9EA2-12E67C4B1E20}"
EndProject
Project("{8BC9CEB8-8B4A-11D0-8D11-00A0C91BC942}") = "06-03. 입력한 수만큼 특수문자를 출력하기", "06-03. 입력한 수만큼 특수문자를 출력하기\06-03. 입력한 수만큼 특수문자를 출력하기.vcxproj", "{0E63EDC0-9979-4EA9-BFB8-FC3F71816B5B}"
EndProject
Project("{8BC9CEB8-8B4A-11D0-8D11-00A0C91BC942}") = "06-04. 1부터 입력한 숫자까지의 합을 구하기", "06-04. 1부터 입력한 숫자까지의 합을 구하기\06-04. 1부터 입력한 숫자까지의 합을 구하기.vcxproj", "{399AB3E4-9907-4EA7-A344-4948ADE57AA4}"
EndProject
Project("{8BC9CEB8-8B4A-11D0-8D11-00A0C91BC942}") = "06-05. while 문 사용하기", "06-05. while 문 사용하기\06-05. while 문 사용하기.vcxproj", "{5CA944C1-5092-49A1-937A-BEFCEDE62985}"
EndProject
Project("{8BC9CEB8-8B4A-11D0-8D11-00A0C91BC942}") = "06-06. 관용적인 조건 사용하기", "06-06. 관용적인 조건 사용하기\06-06. 관용적인 조건 사용하기.vcxproj", "{DB8431CD-12AB-42F5-8D27-331ED38EB1D4}"
EndProject
Project("{8BC9CEB8-8B4A-11D0-8D11-00A0C91BC942}") = "06-07. do~while 문 사용하기", "06-07. do~while 문 사용하기\06-07. do~while 문 사용하기.vcxproj", "{6F0D795C-730A-4E7B-966D-F11846E7A62A}"
EndProject
Project("{8BC9CEB8-8B4A-11D0-8D11-00A0C91BC942}") = "06-08. for 문 중첩하기", "06-08. for 문 중첩하기\06-08. for 문 중첩하기.vcxproj", "{545191DF-4316-40EB-BA34-8E5A2101B7E4}"
EndProject
Project("{8BC9CEB8-8B4A-11D0-8D11-00A0C91BC942}") = "06-09. if 문 등과 조합하기", "06-09. if 문 등과 조합하기\06-09. if 문 등과 조합하기.vcxproj", "{C56E1BC5-C158-4C3F-9BB8-383BE6C2953C}"
EndProject
Project("{8BC9CEB8-8B4A-11D0-8D11-00A0C91BC942}") = "06-10. break 문으로 블록에서 빠져나오기", "06-10. break 문으로 블록에서 빠져나오기\06-10. break 문으로 블록에서 빠져나오기.vcxproj", "{B1A60CF7-5F82-40C6-862F-3EB98CF2A190}"
EndProject
Project("{8BC9CEB8-8B4A-11D0-8D11-00A0C91BC942}") = "06-11. switch 문 안에서 break 문 사용하기", "06-11. switch 문 안에서 break 문 사용하기\06-11. switch 문 안에서 break 문 사용하기.vcxproj", "{19CD25B7-2B8A-4D46-ABE5-3848A149050D}"
EndProject
Project("{8BC9CEB8-8B4A-11D0-8D11-00A0C91BC942}") = "06-12. continue문을 사용하여 블록 시작 부분으로 돌아가기", "06-12. continue문을 사용하여 블록 시작 부분으로 돌아가기\06-12. continue문을 사용하여 블록 시작 부분으로 돌아가기.vcxproj", "{70DECB79-694C-4EC4-8D3D-C2E6C6FD0EDF}"
EndProject
Project("{8BC9CEB8-8B4A-11D0-8D11-00A0C91BC942}") = "07-01. 기본적인 함수 만들기", "07-01. 기본적인 함수 만들기\07-01. 기본적인 함수 만들기.vcxproj", "{446704CB-423E-472B-BDDB-CA23B209C2DE}"
EndProject
Project("{8BC9CEB8-8B4A-11D0-8D11-00A0C91BC942}") = "07-02. 몇 번이고 함수 호출하기", "07-02. 몇 번이고 함수 호출하기\07-02. 몇 번이고 함수 호출하기.vcxproj", "{ABBCC73D-6F06-410F-A4DB-F8D39CF61B40}"
EndProject
Project("{8BC9CEB8-8B4A-11D0-8D11-00A0C91BC942}") = "07-03. 인수를 받는 함수 사용하기", "07-03. 인수를 받는 함수 사용하기\07-03. 인수를 받는 함수 사용하기.vcxproj", "{3B557C7C-CFBC-4765-AA50-C9B5715C4A1F}"
EndProject
Project("{8BC9CEB8-8B4A-11D0-8D11-00A0C91BC942}") = "07-04. 실인수를 변수값으로 만들기", "07-04. 실인수를 변수값으로 만들기\07-04. 실인수를 변수값으로 만들기.vcxproj", "{EBA128F4-521C-4229-957C-70ACBAB1CE8F}"
EndProject
Project("{8BC9CEB8-8B4A-11D0-8D11-00A0C91BC942}") = "07-05. 둘 이상의 인수를 가지는 함수 사용하기", "07-05. 둘 이상의 인수를 가지는 함수 사용하기\07-05. 둘 이상의 인수를 가지는 함수 사용하기.vcxproj", "{78CA17CF-86BE-4D02-BCA4-64552D0A63CE}"
EndProject
Project("{8BC9CEB8-8B4A-11D0-8D11-00A0C91BC942}") = "07-06. 값을 리턴하는 함수", "07-06. 값을 리턴하는 함수\07-06. 값을 리턴하는 함수.vcxproj", "{B35D696E-2C7B-4416-928E-D358D53E59C5}"
EndProject
Project("{8BC9CEB8-8B4A-11D0-8D11-00A0C91BC942}") = "07-07. 합을 구하는 함수", "07-07. 합을 구하는 함수\07-07. 합을 구하는 함수.vcxproj", "{E16951A1-0BFE-4AF2-84A9-85DE58A738E3}"
EndProject
Project("{8BC9CEB8-8B4A-11D0-8D11-00A0C91BC942}") = "07-08. 최대값을 구하는 함수", "07-08. 최대값을 구하는 함수\07-08. 최대값을 구하는 함수.vcxproj", "{4A30E9A6-7424-4F24-9582-12EE9ACEE12C}"
EndProject
Project("{8BC9CEB8-8B4A-11D0-8D11-00A0C91BC942}") = "07-09. 인라인 함수 사용하기", "07-09. 인라인 함수 사용하기\07-09. 인라인 함수 사용하기.vcxproj", "{1EA0A983-31C9-478B-BEA5-2CECFDC6E696}"
EndProject
Project("{8BC9CEB8-8B4A-11D0-8D11-00A0C91BC942}") = "07-10. 함수 프로토타입 선언 사용하기", "07-10. 함수 프로토타입 선언 사용하기\07-10. 함수 프로토타입 선언 사용하기.vcxproj", "{7080A8A9-3D2C-4D7A-A2CE-5B72821CE6E8}"
EndProject
Project("{8BC9CEB8-8B4A-11D0-8D11-00A0C91BC942}") = "07-11. 기본 인수 사용하기", "07-11. 기본 인수 사용하기\07-11. 기본 인수 사용하기.vcxproj", "{20C9AE1E-2F38-4B37-BBDF-57BF8FF99900}"
EndProject
Project("{8BC9CEB8-8B4A-11D0-8D11-00A0C91BC942}") = "07-12. 함수를 오버로드하기", "07-12. 함수를 오버로드하기\07-12. 함수를 오버로드하기.vcxproj", "{B6BB824D-2C13-4114-956E-4DB06D75B82F}"
EndProject
Project("{8BC9CEB8-8B4A-11D0-8D11-00A0C91BC942}") = "07-13. 함수 템플릿 사용하기", "07-13. 함수 템플릿 사용하기\07-13. 함수 템플릿 사용하기.vcxproj", "{DC3338A0-7254-432B-81EB-41E0DBC430AA}"
EndProject
Project("{2150E333-8FDC-42A3-9474-1A3956D46DE8}") = "Lesson 2", "Lesson 2", "{A79FA868-9184-45DF-9E33-3293AF541229}"
EndProject
Project("{2150E333-8FDC-42A3-9474-1A3956D46DE8}") = "Lesson 3", "Lesson 3", "{B85172D6-3C84-41B8-B6C6-893FE8C7EC12}"
EndProject
Project("{2150E333-8FDC-42A3-9474-1A3956D46DE8}") = "Lesson 4", "Lesson 4", "{CE420F0B-6C26-4F1A-BB1F-D9C326F3E04B}"
EndProject
Project("{2150E333-8FDC-42A3-9474-1A3956D46DE8}") = "Lesson 5", "Lesson 5", "{90042040-585D-440A-866B-E6C8F70CCD98}"
EndProject
Project("{2150E333-8FDC-42A3-9474-1A3956D46DE8}") = "Lesson 6", "Lesson 6", "{C97D527E-FD3A-4B29-8ED3-AD55631FFE09}"
EndProject
Project("{2150E333-8FDC-42A3-9474-1A3956D46DE8}") = "Lesson 7", "Lesson 7", "{83E955F4-195B-4029-8E2B-01434B9FCBC0}"
EndProject
Project("{8BC9CEB8-8B4A-11D0-8D11-00A0C91BC942}") = "08-01. 주소 출력하기", "08-01. 주소 출력하기\08-01. 주소 출력하기.vcxproj", "{338ABBB3-2A49-4535-B65D-860CD2435C0D}"
EndProject
Project("{8BC9CEB8-8B4A-11D0-8D11-00A0C91BC942}") = "08-02. 포인터에 주소 저장하기", "08-02. 포인터에 주소 저장하기\08-02. 포인터에 주소 저장하기.vcxproj", "{1E4F45B4-C69A-4181-8523-D4F93DD1111C}"
EndProject
Project("{8BC9CEB8-8B4A-11D0-8D11-00A0C91BC942}") = "08-03. 간접참조연산자", "08-03. 간접참조연산자\08-03. 간접참조연산자.vcxproj", "{00EC4438-3B18-41CB-94CB-425194B2D310}"
EndProject
Project("{8BC9CEB8-8B4A-11D0-8D11-00A0C91BC942}") = "08-04. 포인터의 값 바꾸기", "08-04. 포인터의 값 바꾸기\08-04. 포인터의 값 바꾸기.vcxproj", "{CC8AF422-FC65-4B92-A875-048954CC6734}"
EndProject
Project("{8BC9CEB8-8B4A-11D0-8D11-00A0C91BC942}") = "08-05. 포인터로 변수의 값 바꾸기", "08-05. 포인터로 변수의 값 바꾸기\08-05. 포인터로 변수의 값 바꾸기.vcxproj", "{1C6282C3-1CF2-4691-B947-1BFE0DF5D9D2}"
EndProject
Project("{8BC9CEB8-8B4A-11D0-8D11-00A0C91BC942}") = "08-06. 잘못된 함수 사용해 보기", "08-06. 잘못된 함수 사용해 보기\08-06. 잘못된 함수 사용해 보기.vcxproj", "{746FD131-BC80-490F-9AFA-85BE7C3A318F}"
EndProject
Project("{8BC9CEB8-8B4A-11D0-8D11-00A0C91BC942}") = "08-07. 함수와 인수로 포인터 사용하기", "08-07. 함수와 인수로 포인터 사용하기\08-07. 함수와 인수로 포인터 사용하기.vcxproj", "{E60F6689-D975-41A9-A4D7-3C08B0D4D9D9}"
EndProject
Project("{8BC9CEB8-8B4A-11D0-8D11-00A0C91BC942}") = "08-08. 레퍼런스 사용하기", "08-08. 레퍼런스 사용하기\08-08. 레퍼런스 사용하기.vcxproj", "{88AAEC16-30E7-44CD-AC5A-D8598FD563F5}"
EndProject
Project("{8BC9CEB8-8B4A-11D0-8D11-00A0C91BC942}") = "08-09. 레퍼런스를 함수의 인수로 사용하기", "08-09. 레퍼런스를 함수의 인수로 사용하기\08-09. 레퍼런스를 함수의 인수로 사용하기.vcxproj", "{C49021C5-98EE-45A6-B6C0-0367DD229B89}"
EndProject
Project("{2150E333-8FDC-42A3-9474-1A3956D46DE8}") = "Lesson 8", "Lesson 8", "{80CB3205-D096-4A26-9B30-CD9E86899912}"
EndProject
Project("{8BC9CEB8-8B4A-11D0-8D11-00A0C91BC942}") = "09-01. 배열 요소의 값 출력하기", "09-01. 배열 요소의 값 출력하기\09-01. 배열 요소의 값 출력하기.vcxproj", "{B826B059-ED29-4A82-9EBF-492A20D01D3F}"
EndProject
Project("{8BC9CEB8-8B4A-11D0-8D11-00A0C91BC942}") = "09-02. 배열 요소의 개수 입력하기", "09-02. 배열 요소의 개수 입력하기\09-02. 배열 요소의 개수 입력하기.vcxproj", "{FD16C4CF-77DB-466F-B7CA-2AB0FB8DE040}"
EndProject
Project("{8BC9CEB8-8B4A-11D0-8D11-00A0C91BC942}") = "09-03. 배열 요소 정렬하기", "09-03. 배열 요소 정렬하기\09-03. 배열 요소 정렬하기.vcxproj", "{EE2E9727-2435-4C23-828C-27E7AFCD2A14}"
EndProject
Project("{8BC9CEB8-8B4A-11D0-8D11-00A0C91BC942}") = "09-04. 다차원 배열 사용하기", "09-04. 다차원 배열 사용하기\09-04. 다차원 배열 사용하기.vcxproj", "{5E6714B3-41B8-417C-A977-876FCA4DCE3E}"
EndProject
Project("{8BC9CEB8-8B4A-11D0-8D11-00A0C91BC942}") = "09-05. 배열 이름으로 첫 번째 요소의 값 알아내기", "09-05. 배열 이름으로 첫 번째 요소의 값 알아내기\09-05. 배열 이름으로 첫 번째 요소의 값 알아내기.vcxproj", "{F21FC34C-FF5E-43A3-8267-E44DC6B81454}"
EndProject
Project("{8BC9CEB8-8B4A-11D0-8D11-00A0C91BC942}") = "09-06. 포인터 연산하기", "09-06. 포인터 연산하기\09-06. 포인터 연산하기.vcxproj", "{67A69F27-9FF3-4FAA-A06D-11D35DBB8CD8}"
EndProject
Project("{8BC9CEB8-8B4A-11D0-8D11-00A0C91BC942}") = "09-07. 함수의 인수로 배열 사용하기", "09-07. 함수의 인수로 배열 사용하기\09-07. 함수의 인수로 배열 사용하기.vcxproj", "{23BE4788-1468-4E22-AB73-BF682ACFF28F}"
EndProject
Project("{8BC9CEB8-8B4A-11D0-8D11-00A0C91BC942}") = "09-08. 문자열 출력하기", "09-08. 문자열 출력하기\09-08. 문자열 출력하기.vcxproj", "{BD008E12-FCDA-47C8-9CBA-FFC49973CC05}"
EndProject
Project("{8BC9CEB8-8B4A-11D0-8D11-00A0C91BC942}") = "09-09. 포인터를 사용한 문자 출력", "09-09. 포인터를 사용한 문자 출력\09-09. 포인터를 사용한 문자 출력.vcxproj", "{30012B28-3523-455C-A2EE-3BCE711294D9}"
EndProject
Project("{8BC9CEB8-8B4A-11D0-8D11-00A0C91BC942}") = "09-10. 배열로 문자열 처리하기", "09-10. 배열로 문자열 처리하기\09-10. 배열로 문자열 처리하기.vcxproj", "{C78A5056-906D-4A6C-94DD-C330798A8ABB}"
EndProject
Project("{8BC9CEB8-8B4A-11D0-8D11-00A0C91BC942}") = "09-11. 표준 라이브러리 strlen() 함수 사용하기", "09-11. 표준 라이브러리 strlen() 함수 사용하기\09-11. 표준 라이브러리 strlen() 함수 사용하기.vcxproj", "{9BBC4BF0-638C-41BD-BE40-8090B6BEE09B}"
EndProject
Project("{8BC9CEB8-8B4A-11D0-8D11-00A0C91BC942}") = "09-12. 표준 라이브러리 strcpy() 함수 사용하기", "09-12. 표준 라이브러리 strcpy() 함수 사용하기\09-12. 표준 라이브러리 strcpy() 함수 사용하기.vcxproj", "{B4FBE5CA-440F-4F1A-BF46-97EF8057439A}"
EndProject
Global
	GlobalSection(SolutionConfigurationPlatforms) = preSolution
		Debug|x64 = Debug|x64
		Debug|x86 = Debug|x86
		Release|x64 = Release|x64
		Release|x86 = Release|x86
	EndGlobalSection
	GlobalSection(ProjectConfigurationPlatforms) = postSolution
		{6A4F017E-03F5-4E86-B186-EE2A98C4841C}.Debug|x64.ActiveCfg = Debug|x64
		{6A4F017E-03F5-4E86-B186-EE2A98C4841C}.Debug|x64.Build.0 = Debug|x64
		{6A4F017E-03F5-4E86-B186-EE2A98C4841C}.Debug|x86.ActiveCfg = Debug|Win32
		{6A4F017E-03F5-4E86-B186-EE2A98C4841C}.Debug|x86.Build.0 = Debug|Win32
		{6A4F017E-03F5-4E86-B186-EE2A98C4841C}.Release|x64.ActiveCfg = Release|x64
		{6A4F017E-03F5-4E86-B186-EE2A98C4841C}.Release|x64.Build.0 = Release|x64
		{6A4F017E-03F5-4E86-B186-EE2A98C4841C}.Release|x86.ActiveCfg = Release|Win32
		{6A4F017E-03F5-4E86-B186-EE2A98C4841C}.Release|x86.Build.0 = Release|Win32
		{C0E726DF-01D1-430C-A38F-32829A770BC6}.Debug|x64.ActiveCfg = Debug|x64
		{C0E726DF-01D1-430C-A38F-32829A770BC6}.Debug|x64.Build.0 = Debug|x64
		{C0E726DF-01D1-430C-A38F-32829A770BC6}.Debug|x86.ActiveCfg = Debug|Win32
		{C0E726DF-01D1-430C-A38F-32829A770BC6}.Debug|x86.Build.0 = Debug|Win32
		{C0E726DF-01D1-430C-A38F-32829A770BC6}.Release|x64.ActiveCfg = Release|x64
		{C0E726DF-01D1-430C-A38F-32829A770BC6}.Release|x64.Build.0 = Release|x64
		{C0E726DF-01D1-430C-A38F-32829A770BC6}.Release|x86.ActiveCfg = Release|Win32
		{C0E726DF-01D1-430C-A38F-32829A770BC6}.Release|x86.Build.0 = Release|Win32
		{173FCAF9-CD53-48F6-8C82-235427072A8A}.Debug|x64.ActiveCfg = Debug|x64
		{173FCAF9-CD53-48F6-8C82-235427072A8A}.Debug|x64.Build.0 = Debug|x64
		{173FCAF9-CD53-48F6-8C82-235427072A8A}.Debug|x86.ActiveCfg = Debug|Win32
		{173FCAF9-CD53-48F6-8C82-235427072A8A}.Debug|x86.Build.0 = Debug|Win32
		{173FCAF9-CD53-48F6-8C82-235427072A8A}.Release|x64.ActiveCfg = Release|x64
		{173FCAF9-CD53-48F6-8C82-235427072A8A}.Release|x64.Build.0 = Release|x64
		{173FCAF9-CD53-48F6-8C82-235427072A8A}.Release|x86.ActiveCfg = Release|Win32
		{173FCAF9-CD53-48F6-8C82-235427072A8A}.Release|x86.Build.0 = Release|Win32
		{244248BF-E8D3-4A70-8D68-0F2B58579BFF}.Debug|x64.ActiveCfg = Debug|x64
		{244248BF-E8D3-4A70-8D68-0F2B58579BFF}.Debug|x64.Build.0 = Debug|x64
		{244248BF-E8D3-4A70-8D68-0F2B58579BFF}.Debug|x86.ActiveCfg = Debug|Win32
		{244248BF-E8D3-4A70-8D68-0F2B58579BFF}.Debug|x86.Build.0 = Debug|Win32
		{244248BF-E8D3-4A70-8D68-0F2B58579BFF}.Release|x64.ActiveCfg = Release|x64
		{244248BF-E8D3-4A70-8D68-0F2B58579BFF}.Release|x64.Build.0 = Release|x64
		{244248BF-E8D3-4A70-8D68-0F2B58579BFF}.Release|x86.ActiveCfg = Release|Win32
		{244248BF-E8D3-4A70-8D68-0F2B58579BFF}.Release|x86.Build.0 = Release|Win32
		{906AA5A6-3A27-438C-9C65-D78895FAFB35}.Debug|x64.ActiveCfg = Debug|x64
		{906AA5A6-3A27-438C-9C65-D78895FAFB35}.Debug|x64.Build.0 = Debug|x64
		{906AA5A6-3A27-438C-9C65-D78895FAFB35}.Debug|x86.ActiveCfg = Debug|Win32
		{906AA5A6-3A27-438C-9C65-D78895FAFB35}.Debug|x86.Build.0 = Debug|Win32
		{906AA5A6-3A27-438C-9C65-D78895FAFB35}.Release|x64.ActiveCfg = Release|x64
		{906AA5A6-3A27-438C-9C65-D78895FAFB35}.Release|x64.Build.0 = Release|x64
		{906AA5A6-3A27-438C-9C65-D78895FAFB35}.Release|x86.ActiveCfg = Release|Win32
		{906AA5A6-3A27-438C-9C65-D78895FAFB35}.Release|x86.Build.0 = Release|Win32
		{7A4AEDC1-09B4-43A9-9C14-60CBB80A3802}.Debug|x64.ActiveCfg = Debug|x64
		{7A4AEDC1-09B4-43A9-9C14-60CBB80A3802}.Debug|x64.Build.0 = Debug|x64
		{7A4AEDC1-09B4-43A9-9C14-60CBB80A3802}.Debug|x86.ActiveCfg = Debug|Win32
		{7A4AEDC1-09B4-43A9-9C14-60CBB80A3802}.Debug|x86.Build.0 = Debug|Win32
		{7A4AEDC1-09B4-43A9-9C14-60CBB80A3802}.Release|x64.ActiveCfg = Release|x64
		{7A4AEDC1-09B4-43A9-9C14-60CBB80A3802}.Release|x64.Build.0 = Release|x64
		{7A4AEDC1-09B4-43A9-9C14-60CBB80A3802}.Release|x86.ActiveCfg = Release|Win32
		{7A4AEDC1-09B4-43A9-9C14-60CBB80A3802}.Release|x86.Build.0 = Release|Win32
		{AA2F4DAC-B71A-412D-A7CF-926A786171CE}.Debug|x64.ActiveCfg = Debug|x64
		{AA2F4DAC-B71A-412D-A7CF-926A786171CE}.Debug|x64.Build.0 = Debug|x64
		{AA2F4DAC-B71A-412D-A7CF-926A786171CE}.Debug|x86.ActiveCfg = Debug|Win32
		{AA2F4DAC-B71A-412D-A7CF-926A786171CE}.Debug|x86.Build.0 = Debug|Win32
		{AA2F4DAC-B71A-412D-A7CF-926A786171CE}.Release|x64.ActiveCfg = Release|x64
		{AA2F4DAC-B71A-412D-A7CF-926A786171CE}.Release|x64.Build.0 = Release|x64
		{AA2F4DAC-B71A-412D-A7CF-926A786171CE}.Release|x86.ActiveCfg = Release|Win32
		{AA2F4DAC-B71A-412D-A7CF-926A786171CE}.Release|x86.Build.0 = Release|Win32
		{0747FF42-6A8D-4815-848F-01BDFD5837B7}.Debug|x64.ActiveCfg = Debug|x64
		{0747FF42-6A8D-4815-848F-01BDFD5837B7}.Debug|x64.Build.0 = Debug|x64
		{0747FF42-6A8D-4815-848F-01BDFD5837B7}.Debug|x86.ActiveCfg = Debug|Win32
		{0747FF42-6A8D-4815-848F-01BDFD5837B7}.Debug|x86.Build.0 = Debug|Win32
		{0747FF42-6A8D-4815-848F-01BDFD5837B7}.Release|x64.ActiveCfg = Release|x64
		{0747FF42-6A8D-4815-848F-01BDFD5837B7}.Release|x64.Build.0 = Release|x64
		{0747FF42-6A8D-4815-848F-01BDFD5837B7}.Release|x86.ActiveCfg = Release|Win32
		{0747FF42-6A8D-4815-848F-01BDFD5837B7}.Release|x86.Build.0 = Release|Win32
		{D7E87FE4-4384-4AB8-A36F-9D37EFEC67A8}.Debug|x64.ActiveCfg = Debug|x64
		{D7E87FE4-4384-4AB8-A36F-9D37EFEC67A8}.Debug|x64.Build.0 = Debug|x64
		{D7E87FE4-4384-4AB8-A36F-9D37EFEC67A8}.Debug|x86.ActiveCfg = Debug|Win32
		{D7E87FE4-4384-4AB8-A36F-9D37EFEC67A8}.Debug|x86.Build.0 = Debug|Win32
		{D7E87FE4-4384-4AB8-A36F-9D37EFEC67A8}.Release|x64.ActiveCfg = Release|x64
		{D7E87FE4-4384-4AB8-A36F-9D37EFEC67A8}.Release|x64.Build.0 = Release|x64
		{D7E87FE4-4384-4AB8-A36F-9D37EFEC67A8}.Release|x86.ActiveCfg = Release|Win32
		{D7E87FE4-4384-4AB8-A36F-9D37EFEC67A8}.Release|x86.Build.0 = Release|Win32
		{F22C7C46-2147-49F4-A24F-C8026B079C2B}.Debug|x64.ActiveCfg = Debug|x64
		{F22C7C46-2147-49F4-A24F-C8026B079C2B}.Debug|x64.Build.0 = Debug|x64
		{F22C7C46-2147-49F4-A24F-C8026B079C2B}.Debug|x86.ActiveCfg = Debug|Win32
		{F22C7C46-2147-49F4-A24F-C8026B079C2B}.Debug|x86.Build.0 = Debug|Win32
		{F22C7C46-2147-49F4-A24F-C8026B079C2B}.Release|x64.ActiveCfg = Release|x64
		{F22C7C46-2147-49F4-A24F-C8026B079C2B}.Release|x64.Build.0 = Release|x64
		{F22C7C46-2147-49F4-A24F-C8026B079C2B}.Release|x86.ActiveCfg = Release|Win32
		{F22C7C46-2147-49F4-A24F-C8026B079C2B}.Release|x86.Build.0 = Release|Win32
		{6B636ABC-9836-43CC-B154-0745EA3F5D84}.Debug|x64.ActiveCfg = Debug|x64
		{6B636ABC-9836-43CC-B154-0745EA3F5D84}.Debug|x64.Build.0 = Debug|x64
		{6B636ABC-9836-43CC-B154-0745EA3F5D84}.Debug|x86.ActiveCfg = Debug|Win32
		{6B636ABC-9836-43CC-B154-0745EA3F5D84}.Debug|x86.Build.0 = Debug|Win32
		{6B636ABC-9836-43CC-B154-0745EA3F5D84}.Release|x64.ActiveCfg = Release|x64
		{6B636ABC-9836-43CC-B154-0745EA3F5D84}.Release|x64.Build.0 = Release|x64
		{6B636ABC-9836-43CC-B154-0745EA3F5D84}.Release|x86.ActiveCfg = Release|Win32
		{6B636ABC-9836-43CC-B154-0745EA3F5D84}.Release|x86.Build.0 = Release|Win32
		{D2F88DAC-632A-410B-BF38-CA33539B3A1D}.Debug|x64.ActiveCfg = Debug|x64
		{D2F88DAC-632A-410B-BF38-CA33539B3A1D}.Debug|x64.Build.0 = Debug|x64
		{D2F88DAC-632A-410B-BF38-CA33539B3A1D}.Debug|x86.ActiveCfg = Debug|Win32
		{D2F88DAC-632A-410B-BF38-CA33539B3A1D}.Debug|x86.Build.0 = Debug|Win32
		{D2F88DAC-632A-410B-BF38-CA33539B3A1D}.Release|x64.ActiveCfg = Release|x64
		{D2F88DAC-632A-410B-BF38-CA33539B3A1D}.Release|x64.Build.0 = Release|x64
		{D2F88DAC-632A-410B-BF38-CA33539B3A1D}.Release|x86.ActiveCfg = Release|Win32
		{D2F88DAC-632A-410B-BF38-CA33539B3A1D}.Release|x86.Build.0 = Release|Win32
		{5F464B9F-D676-4881-A173-A68DCF4BA0B3}.Debug|x64.ActiveCfg = Debug|x64
		{5F464B9F-D676-4881-A173-A68DCF4BA0B3}.Debug|x64.Build.0 = Debug|x64
		{5F464B9F-D676-4881-A173-A68DCF4BA0B3}.Debug|x86.ActiveCfg = Debug|Win32
		{5F464B9F-D676-4881-A173-A68DCF4BA0B3}.Debug|x86.Build.0 = Debug|Win32
		{5F464B9F-D676-4881-A173-A68DCF4BA0B3}.Release|x64.ActiveCfg = Release|x64
		{5F464B9F-D676-4881-A173-A68DCF4BA0B3}.Release|x64.Build.0 = Release|x64
		{5F464B9F-D676-4881-A173-A68DCF4BA0B3}.Release|x86.ActiveCfg = Release|Win32
		{5F464B9F-D676-4881-A173-A68DCF4BA0B3}.Release|x86.Build.0 = Release|Win32
		{FF0AF575-2EF1-42F4-97A3-361AE7423CBF}.Debug|x64.ActiveCfg = Debug|x64
		{FF0AF575-2EF1-42F4-97A3-361AE7423CBF}.Debug|x64.Build.0 = Debug|x64
		{FF0AF575-2EF1-42F4-97A3-361AE7423CBF}.Debug|x86.ActiveCfg = Debug|Win32
		{FF0AF575-2EF1-42F4-97A3-361AE7423CBF}.Debug|x86.Build.0 = Debug|Win32
		{FF0AF575-2EF1-42F4-97A3-361AE7423CBF}.Release|x64.ActiveCfg = Release|x64
		{FF0AF575-2EF1-42F4-97A3-361AE7423CBF}.Release|x64.Build.0 = Release|x64
		{FF0AF575-2EF1-42F4-97A3-361AE7423CBF}.Release|x86.ActiveCfg = Release|Win32
		{FF0AF575-2EF1-42F4-97A3-361AE7423CBF}.Release|x86.Build.0 = Release|Win32
		{35B46BB9-48CB-4EC8-A3A5-28A190BA4D18}.Debug|x64.ActiveCfg = Debug|x64
		{35B46BB9-48CB-4EC8-A3A5-28A190BA4D18}.Debug|x64.Build.0 = Debug|x64
		{35B46BB9-48CB-4EC8-A3A5-28A190BA4D18}.Debug|x86.ActiveCfg = Debug|Win32
		{35B46BB9-48CB-4EC8-A3A5-28A190BA4D18}.Debug|x86.Build.0 = Debug|Win32
		{35B46BB9-48CB-4EC8-A3A5-28A190BA4D18}.Release|x64.ActiveCfg = Release|x64
		{35B46BB9-48CB-4EC8-A3A5-28A190BA4D18}.Release|x64.Build.0 = Release|x64
		{35B46BB9-48CB-4EC8-A3A5-28A190BA4D18}.Release|x86.ActiveCfg = Release|Win32
		{35B46BB9-48CB-4EC8-A3A5-28A190BA4D18}.Release|x86.Build.0 = Release|Win32
		{852EB437-F21B-4FC8-802D-94717FCE7BF8}.Debug|x64.ActiveCfg = Debug|x64
		{852EB437-F21B-4FC8-802D-94717FCE7BF8}.Debug|x64.Build.0 = Debug|x64
		{852EB437-F21B-4FC8-802D-94717FCE7BF8}.Debug|x86.ActiveCfg = Debug|Win32
		{852EB437-F21B-4FC8-802D-94717FCE7BF8}.Debug|x86.Build.0 = Debug|Win32
		{852EB437-F21B-4FC8-802D-94717FCE7BF8}.Release|x64.ActiveCfg = Release|x64
		{852EB437-F21B-4FC8-802D-94717FCE7BF8}.Release|x64.Build.0 = Release|x64
		{852EB437-F21B-4FC8-802D-94717FCE7BF8}.Release|x86.ActiveCfg = Release|Win32
		{852EB437-F21B-4FC8-802D-94717FCE7BF8}.Release|x86.Build.0 = Release|Win32
		{803E8C54-D671-4F66-873A-8FEA4B9C723E}.Debug|x64.ActiveCfg = Debug|x64
		{803E8C54-D671-4F66-873A-8FEA4B9C723E}.Debug|x64.Build.0 = Debug|x64
		{803E8C54-D671-4F66-873A-8FEA4B9C723E}.Debug|x86.ActiveCfg = Debug|Win32
		{803E8C54-D671-4F66-873A-8FEA4B9C723E}.Debug|x86.Build.0 = Debug|Win32
		{803E8C54-D671-4F66-873A-8FEA4B9C723E}.Release|x64.ActiveCfg = Release|x64
		{803E8C54-D671-4F66-873A-8FEA4B9C723E}.Release|x64.Build.0 = Release|x64
		{803E8C54-D671-4F66-873A-8FEA4B9C723E}.Release|x86.ActiveCfg = Release|Win32
		{803E8C54-D671-4F66-873A-8FEA4B9C723E}.Release|x86.Build.0 = Release|Win32
		{FA9C2C06-82F2-4B3E-B74C-3A3B339DF70F}.Debug|x64.ActiveCfg = Debug|x64
		{FA9C2C06-82F2-4B3E-B74C-3A3B339DF70F}.Debug|x64.Build.0 = Debug|x64
		{FA9C2C06-82F2-4B3E-B74C-3A3B339DF70F}.Debug|x86.ActiveCfg = Debug|Win32
		{FA9C2C06-82F2-4B3E-B74C-3A3B339DF70F}.Debug|x86.Build.0 = Debug|Win32
		{FA9C2C06-82F2-4B3E-B74C-3A3B339DF70F}.Release|x64.ActiveCfg = Release|x64
		{FA9C2C06-82F2-4B3E-B74C-3A3B339DF70F}.Release|x64.Build.0 = Release|x64
		{FA9C2C06-82F2-4B3E-B74C-3A3B339DF70F}.Release|x86.ActiveCfg = Release|Win32
		{FA9C2C06-82F2-4B3E-B74C-3A3B339DF70F}.Release|x86.Build.0 = Release|Win32
		{60B578DD-B5D2-4D71-BB5D-1B30208EFC5F}.Debug|x64.ActiveCfg = Debug|x64
		{60B578DD-B5D2-4D71-BB5D-1B30208EFC5F}.Debug|x64.Build.0 = Debug|x64
		{60B578DD-B5D2-4D71-BB5D-1B30208EFC5F}.Debug|x86.ActiveCfg = Debug|Win32
		{60B578DD-B5D2-4D71-BB5D-1B30208EFC5F}.Debug|x86.Build.0 = Debug|Win32
		{60B578DD-B5D2-4D71-BB5D-1B30208EFC5F}.Release|x64.ActiveCfg = Release|x64
		{60B578DD-B5D2-4D71-BB5D-1B30208EFC5F}.Release|x64.Build.0 = Release|x64
		{60B578DD-B5D2-4D71-BB5D-1B30208EFC5F}.Release|x86.ActiveCfg = Release|Win32
		{60B578DD-B5D2-4D71-BB5D-1B30208EFC5F}.Release|x86.Build.0 = Release|Win32
		{B6EF2359-3AE7-4810-B5FD-5817EEC28BDA}.Debug|x64.ActiveCfg = Debug|x64
		{B6EF2359-3AE7-4810-B5FD-5817EEC28BDA}.Debug|x64.Build.0 = Debug|x64
		{B6EF2359-3AE7-4810-B5FD-5817EEC28BDA}.Debug|x86.ActiveCfg = Debug|Win32
		{B6EF2359-3AE7-4810-B5FD-5817EEC28BDA}.Debug|x86.Build.0 = Debug|Win32
		{B6EF2359-3AE7-4810-B5FD-5817EEC28BDA}.Release|x64.ActiveCfg = Release|x64
		{B6EF2359-3AE7-4810-B5FD-5817EEC28BDA}.Release|x64.Build.0 = Release|x64
		{B6EF2359-3AE7-4810-B5FD-5817EEC28BDA}.Release|x86.ActiveCfg = Release|Win32
		{B6EF2359-3AE7-4810-B5FD-5817EEC28BDA}.Release|x86.Build.0 = Release|Win32
		{D063D8B5-88DA-4791-B249-0C849DB4224A}.Debug|x64.ActiveCfg = Debug|x64
		{D063D8B5-88DA-4791-B249-0C849DB4224A}.Debug|x64.Build.0 = Debug|x64
		{D063D8B5-88DA-4791-B249-0C849DB4224A}.Debug|x86.ActiveCfg = Debug|Win32
		{D063D8B5-88DA-4791-B249-0C849DB4224A}.Debug|x86.Build.0 = Debug|Win32
		{D063D8B5-88DA-4791-B249-0C849DB4224A}.Release|x64.ActiveCfg = Release|x64
		{D063D8B5-88DA-4791-B249-0C849DB4224A}.Release|x64.Build.0 = Release|x64
		{D063D8B5-88DA-4791-B249-0C849DB4224A}.Release|x86.ActiveCfg = Release|Win32
		{D063D8B5-88DA-4791-B249-0C849DB4224A}.Release|x86.Build.0 = Release|Win32
		{D5BC96AE-FCA1-470D-9C53-81926C4B824C}.Debug|x64.ActiveCfg = Debug|x64
		{D5BC96AE-FCA1-470D-9C53-81926C4B824C}.Debug|x64.Build.0 = Debug|x64
		{D5BC96AE-FCA1-470D-9C53-81926C4B824C}.Debug|x86.ActiveCfg = Debug|Win32
		{D5BC96AE-FCA1-470D-9C53-81926C4B824C}.Debug|x86.Build.0 = Debug|Win32
		{D5BC96AE-FCA1-470D-9C53-81926C4B824C}.Release|x64.ActiveCfg = Release|x64
		{D5BC96AE-FCA1-470D-9C53-81926C4B824C}.Release|x64.Build.0 = Release|x64
		{D5BC96AE-FCA1-470D-9C53-81926C4B824C}.Release|x86.ActiveCfg = Release|Win32
		{D5BC96AE-FCA1-470D-9C53-81926C4B824C}.Release|x86.Build.0 = Release|Win32
		{AEEC1582-E1D2-4E82-8853-B7DEC80C465C}.Debug|x64.ActiveCfg = Debug|x64
		{AEEC1582-E1D2-4E82-8853-B7DEC80C465C}.Debug|x64.Build.0 = Debug|x64
		{AEEC1582-E1D2-4E82-8853-B7DEC80C465C}.Debug|x86.ActiveCfg = Debug|Win32
		{AEEC1582-E1D2-4E82-8853-B7DEC80C465C}.Debug|x86.Build.0 = Debug|Win32
		{AEEC1582-E1D2-4E82-8853-B7DEC80C465C}.Release|x64.ActiveCfg = Release|x64
		{AEEC1582-E1D2-4E82-8853-B7DEC80C465C}.Release|x64.Build.0 = Release|x64
		{AEEC1582-E1D2-4E82-8853-B7DEC80C465C}.Release|x86.ActiveCfg = Release|Win32
		{AEEC1582-E1D2-4E82-8853-B7DEC80C465C}.Release|x86.Build.0 = Release|Win32
		{9C6FFB97-5C0F-4DCA-9D25-6D5CE7D39DB8}.Debug|x64.ActiveCfg = Debug|x64
		{9C6FFB97-5C0F-4DCA-9D25-6D5CE7D39DB8}.Debug|x64.Build.0 = Debug|x64
		{9C6FFB97-5C0F-4DCA-9D25-6D5CE7D39DB8}.Debug|x86.ActiveCfg = Debug|Win32
		{9C6FFB97-5C0F-4DCA-9D25-6D5CE7D39DB8}.Debug|x86.Build.0 = Debug|Win32
		{9C6FFB97-5C0F-4DCA-9D25-6D5CE7D39DB8}.Release|x64.ActiveCfg = Release|x64
		{9C6FFB97-5C0F-4DCA-9D25-6D5CE7D39DB8}.Release|x64.Build.0 = Release|x64
		{9C6FFB97-5C0F-4DCA-9D25-6D5CE7D39DB8}.Release|x86.ActiveCfg = Release|Win32
		{9C6FFB97-5C0F-4DCA-9D25-6D5CE7D39DB8}.Release|x86.Build.0 = Release|Win32
		{D67E5F11-DD95-4CA7-A328-8A26C14863AB}.Debug|x64.ActiveCfg = Debug|x64
		{D67E5F11-DD95-4CA7-A328-8A26C14863AB}.Debug|x64.Build.0 = Debug|x64
		{D67E5F11-DD95-4CA7-A328-8A26C14863AB}.Debug|x86.ActiveCfg = Debug|Win32
		{D67E5F11-DD95-4CA7-A328-8A26C14863AB}.Debug|x86.Build.0 = Debug|Win32
		{D67E5F11-DD95-4CA7-A328-8A26C14863AB}.Release|x64.ActiveCfg = Release|x64
		{D67E5F11-DD95-4CA7-A328-8A26C14863AB}.Release|x64.Build.0 = Release|x64
		{D67E5F11-DD95-4CA7-A328-8A26C14863AB}.Release|x86.ActiveCfg = Release|Win32
		{D67E5F11-DD95-4CA7-A328-8A26C14863AB}.Release|x86.Build.0 = Release|Win32
		{41F4F833-2D89-4053-A409-CA20F78057BE}.Debug|x64.ActiveCfg = Debug|x64
		{41F4F833-2D89-4053-A409-CA20F78057BE}.Debug|x64.Build.0 = Debug|x64
		{41F4F833-2D89-4053-A409-CA20F78057BE}.Debug|x86.ActiveCfg = Debug|Win32
		{41F4F833-2D89-4053-A409-CA20F78057BE}.Debug|x86.Build.0 = Debug|Win32
		{41F4F833-2D89-4053-A409-CA20F78057BE}.Release|x64.ActiveCfg = Release|x64
		{41F4F833-2D89-4053-A409-CA20F78057BE}.Release|x64.Build.0 = Release|x64
		{41F4F833-2D89-4053-A409-CA20F78057BE}.Release|x86.ActiveCfg = Release|Win32
		{41F4F833-2D89-4053-A409-CA20F78057BE}.Release|x86.Build.0 = Release|Win32
		{703FCFB6-BE03-4CDD-A363-D29086923785}.Debug|x64.ActiveCfg = Debug|x64
		{703FCFB6-BE03-4CDD-A363-D29086923785}.Debug|x64.Build.0 = Debug|x64
		{703FCFB6-BE03-4CDD-A363-D29086923785}.Debug|x86.ActiveCfg = Debug|Win32
		{703FCFB6-BE03-4CDD-A363-D29086923785}.Debug|x86.Build.0 = Debug|Win32
		{703FCFB6-BE03-4CDD-A363-D29086923785}.Release|x64.ActiveCfg = Release|x64
		{703FCFB6-BE03-4CDD-A363-D29086923785}.Release|x64.Build.0 = Release|x64
		{703FCFB6-BE03-4CDD-A363-D29086923785}.Release|x86.ActiveCfg = Release|Win32
		{703FCFB6-BE03-4CDD-A363-D29086923785}.Release|x86.Build.0 = Release|Win32
		{449BC836-E504-429E-99B1-715000EFE134}.Debug|x64.ActiveCfg = Debug|x64
		{449BC836-E504-429E-99B1-715000EFE134}.Debug|x64.Build.0 = Debug|x64
		{449BC836-E504-429E-99B1-715000EFE134}.Debug|x86.ActiveCfg = Debug|Win32
		{449BC836-E504-429E-99B1-715000EFE134}.Debug|x86.Build.0 = Debug|Win32
		{449BC836-E504-429E-99B1-715000EFE134}.Release|x64.ActiveCfg = Release|x64
		{449BC836-E504-429E-99B1-715000EFE134}.Release|x64.Build.0 = Release|x64
		{449BC836-E504-429E-99B1-715000EFE134}.Release|x86.ActiveCfg = Release|Win32
		{449BC836-E504-429E-99B1-715000EFE134}.Release|x86.Build.0 = Release|Win32
		{29BAC7B7-DAE3-4B64-8423-F0FB989D0F70}.Debug|x64.ActiveCfg = Debug|x64
		{29BAC7B7-DAE3-4B64-8423-F0FB989D0F70}.Debug|x64.Build.0 = Debug|x64
		{29BAC7B7-DAE3-4B64-8423-F0FB989D0F70}.Debug|x86.ActiveCfg = Debug|Win32
		{29BAC7B7-DAE3-4B64-8423-F0FB989D0F70}.Debug|x86.Build.0 = Debug|Win32
		{29BAC7B7-DAE3-4B64-8423-F0FB989D0F70}.Release|x64.ActiveCfg = Release|x64
		{29BAC7B7-DAE3-4B64-8423-F0FB989D0F70}.Release|x64.Build.0 = Release|x64
		{29BAC7B7-DAE3-4B64-8423-F0FB989D0F70}.Release|x86.ActiveCfg = Release|Win32
		{29BAC7B7-DAE3-4B64-8423-F0FB989D0F70}.Release|x86.Build.0 = Release|Win32
		{6D096526-11E6-4E81-8406-37A682EC1A90}.Debug|x64.ActiveCfg = Debug|x64
		{6D096526-11E6-4E81-8406-37A682EC1A90}.Debug|x64.Build.0 = Debug|x64
		{6D096526-11E6-4E81-8406-37A682EC1A90}.Debug|x86.ActiveCfg = Debug|Win32
		{6D096526-11E6-4E81-8406-37A682EC1A90}.Debug|x86.Build.0 = Debug|Win32
		{6D096526-11E6-4E81-8406-37A682EC1A90}.Release|x64.ActiveCfg = Release|x64
		{6D096526-11E6-4E81-8406-37A682EC1A90}.Release|x64.Build.0 = Release|x64
		{6D096526-11E6-4E81-8406-37A682EC1A90}.Release|x86.ActiveCfg = Release|Win32
		{6D096526-11E6-4E81-8406-37A682EC1A90}.Release|x86.Build.0 = Release|Win32
		{4C981C4F-6432-43F1-8D79-9F36FA9F76E1}.Debug|x64.ActiveCfg = Debug|x64
		{4C981C4F-6432-43F1-8D79-9F36FA9F76E1}.Debug|x64.Build.0 = Debug|x64
		{4C981C4F-6432-43F1-8D79-9F36FA9F76E1}.Debug|x86.ActiveCfg = Debug|Win32
		{4C981C4F-6432-43F1-8D79-9F36FA9F76E1}.Debug|x86.Build.0 = Debug|Win32
		{4C981C4F-6432-43F1-8D79-9F36FA9F76E1}.Release|x64.ActiveCfg = Release|x64
		{4C981C4F-6432-43F1-8D79-9F36FA9F76E1}.Release|x64.Build.0 = Release|x64
		{4C981C4F-6432-43F1-8D79-9F36FA9F76E1}.Release|x86.ActiveCfg = Release|Win32
		{4C981C4F-6432-43F1-8D79-9F36FA9F76E1}.Release|x86.Build.0 = Release|Win32
		{D306E2B8-2231-437D-ABB9-DA38A98AF20C}.Debug|x64.ActiveCfg = Debug|x64
		{D306E2B8-2231-437D-ABB9-DA38A98AF20C}.Debug|x64.Build.0 = Debug|x64
		{D306E2B8-2231-437D-ABB9-DA38A98AF20C}.Debug|x86.ActiveCfg = Debug|Win32
		{D306E2B8-2231-437D-ABB9-DA38A98AF20C}.Debug|x86.Build.0 = Debug|Win32
		{D306E2B8-2231-437D-ABB9-DA38A98AF20C}.Release|x64.ActiveCfg = Release|x64
		{D306E2B8-2231-437D-ABB9-DA38A98AF20C}.Release|x64.Build.0 = Release|x64
		{D306E2B8-2231-437D-ABB9-DA38A98AF20C}.Release|x86.ActiveCfg = Release|Win32
		{D306E2B8-2231-437D-ABB9-DA38A98AF20C}.Release|x86.Build.0 = Release|Win32
		{E796BDF3-CD16-4FB3-9EA2-12E67C4B1E20}.Debug|x64.ActiveCfg = Debug|x64
		{E796BDF3-CD16-4FB3-9EA2-12E67C4B1E20}.Debug|x64.Build.0 = Debug|x64
		{E796BDF3-CD16-4FB3-9EA2-12E67C4B1E20}.Debug|x86.ActiveCfg = Debug|Win32
		{E796BDF3-CD16-4FB3-9EA2-12E67C4B1E20}.Debug|x86.Build.0 = Debug|Win32
		{E796BDF3-CD16-4FB3-9EA2-12E67C4B1E20}.Release|x64.ActiveCfg = Release|x64
		{E796BDF3-CD16-4FB3-9EA2-12E67C4B1E20}.Release|x64.Build.0 = Release|x64
		{E796BDF3-CD16-4FB3-9EA2-12E67C4B1E20}.Release|x86.ActiveCfg = Release|Win32
		{E796BDF3-CD16-4FB3-9EA2-12E67C4B1E20}.Release|x86.Build.0 = Release|Win32
		{0E63EDC0-9979-4EA9-BFB8-FC3F71816B5B}.Debug|x64.ActiveCfg = Debug|x64
		{0E63EDC0-9979-4EA9-BFB8-FC3F71816B5B}.Debug|x64.Build.0 = Debug|x64
		{0E63EDC0-9979-4EA9-BFB8-FC3F71816B5B}.Debug|x86.ActiveCfg = Debug|Win32
		{0E63EDC0-9979-4EA9-BFB8-FC3F71816B5B}.Debug|x86.Build.0 = Debug|Win32
		{0E63EDC0-9979-4EA9-BFB8-FC3F71816B5B}.Release|x64.ActiveCfg = Release|x64
		{0E63EDC0-9979-4EA9-BFB8-FC3F71816B5B}.Release|x64.Build.0 = Release|x64
		{0E63EDC0-9979-4EA9-BFB8-FC3F71816B5B}.Release|x86.ActiveCfg = Release|Win32
		{0E63EDC0-9979-4EA9-BFB8-FC3F71816B5B}.Release|x86.Build.0 = Release|Win32
		{399AB3E4-9907-4EA7-A344-4948ADE57AA4}.Debug|x64.ActiveCfg = Debug|x64
		{399AB3E4-9907-4EA7-A344-4948ADE57AA4}.Debug|x64.Build.0 = Debug|x64
		{399AB3E4-9907-4EA7-A344-4948ADE57AA4}.Debug|x86.ActiveCfg = Debug|Win32
		{399AB3E4-9907-4EA7-A344-4948ADE57AA4}.Debug|x86.Build.0 = Debug|Win32
		{399AB3E4-9907-4EA7-A344-4948ADE57AA4}.Release|x64.ActiveCfg = Release|x64
		{399AB3E4-9907-4EA7-A344-4948ADE57AA4}.Release|x64.Build.0 = Release|x64
		{399AB3E4-9907-4EA7-A344-4948ADE57AA4}.Release|x86.ActiveCfg = Release|Win32
		{399AB3E4-9907-4EA7-A344-4948ADE57AA4}.Release|x86.Build.0 = Release|Win32
		{5CA944C1-5092-49A1-937A-BEFCEDE62985}.Debug|x64.ActiveCfg = Debug|x64
		{5CA944C1-5092-49A1-937A-BEFCEDE62985}.Debug|x64.Build.0 = Debug|x64
		{5CA944C1-5092-49A1-937A-BEFCEDE62985}.Debug|x86.ActiveCfg = Debug|Win32
		{5CA944C1-5092-49A1-937A-BEFCEDE62985}.Debug|x86.Build.0 = Debug|Win32
		{5CA944C1-5092-49A1-937A-BEFCEDE62985}.Release|x64.ActiveCfg = Release|x64
		{5CA944C1-5092-49A1-937A-BEFCEDE62985}.Release|x64.Build.0 = Release|x64
		{5CA944C1-5092-49A1-937A-BEFCEDE62985}.Release|x86.ActiveCfg = Release|Win32
		{5CA944C1-5092-49A1-937A-BEFCEDE62985}.Release|x86.Build.0 = Release|Win32
		{DB8431CD-12AB-42F5-8D27-331ED38EB1D4}.Debug|x64.ActiveCfg = Debug|x64
		{DB8431CD-12AB-42F5-8D27-331ED38EB1D4}.Debug|x64.Build.0 = Debug|x64
		{DB8431CD-12AB-42F5-8D27-331ED38EB1D4}.Debug|x86.ActiveCfg = Debug|Win32
		{DB8431CD-12AB-42F5-8D27-331ED38EB1D4}.Debug|x86.Build.0 = Debug|Win32
		{DB8431CD-12AB-42F5-8D27-331ED38EB1D4}.Release|x64.ActiveCfg = Release|x64
		{DB8431CD-12AB-42F5-8D27-331ED38EB1D4}.Release|x64.Build.0 = Release|x64
		{DB8431CD-12AB-42F5-8D27-331ED38EB1D4}.Release|x86.ActiveCfg = Release|Win32
		{DB8431CD-12AB-42F5-8D27-331ED38EB1D4}.Release|x86.Build.0 = Release|Win32
		{6F0D795C-730A-4E7B-966D-F11846E7A62A}.Debug|x64.ActiveCfg = Debug|x64
		{6F0D795C-730A-4E7B-966D-F11846E7A62A}.Debug|x64.Build.0 = Debug|x64
		{6F0D795C-730A-4E7B-966D-F11846E7A62A}.Debug|x86.ActiveCfg = Debug|Win32
		{6F0D795C-730A-4E7B-966D-F11846E7A62A}.Debug|x86.Build.0 = Debug|Win32
		{6F0D795C-730A-4E7B-966D-F11846E7A62A}.Release|x64.ActiveCfg = Release|x64
		{6F0D795C-730A-4E7B-966D-F11846E7A62A}.Release|x64.Build.0 = Release|x64
		{6F0D795C-730A-4E7B-966D-F11846E7A62A}.Release|x86.ActiveCfg = Release|Win32
		{6F0D795C-730A-4E7B-966D-F11846E7A62A}.Release|x86.Build.0 = Release|Win32
		{545191DF-4316-40EB-BA34-8E5A2101B7E4}.Debug|x64.ActiveCfg = Debug|x64
		{545191DF-4316-40EB-BA34-8E5A2101B7E4}.Debug|x64.Build.0 = Debug|x64
		{545191DF-4316-40EB-BA34-8E5A2101B7E4}.Debug|x86.ActiveCfg = Debug|Win32
		{545191DF-4316-40EB-BA34-8E5A2101B7E4}.Debug|x86.Build.0 = Debug|Win32
		{545191DF-4316-40EB-BA34-8E5A2101B7E4}.Release|x64.ActiveCfg = Release|x64
		{545191DF-4316-40EB-BA34-8E5A2101B7E4}.Release|x64.Build.0 = Release|x64
		{545191DF-4316-40EB-BA34-8E5A2101B7E4}.Release|x86.ActiveCfg = Release|Win32
		{545191DF-4316-40EB-BA34-8E5A2101B7E4}.Release|x86.Build.0 = Release|Win32
		{C56E1BC5-C158-4C3F-9BB8-383BE6C2953C}.Debug|x64.ActiveCfg = Debug|x64
		{C56E1BC5-C158-4C3F-9BB8-383BE6C2953C}.Debug|x64.Build.0 = Debug|x64
		{C56E1BC5-C158-4C3F-9BB8-383BE6C2953C}.Debug|x86.ActiveCfg = Debug|Win32
		{C56E1BC5-C158-4C3F-9BB8-383BE6C2953C}.Debug|x86.Build.0 = Debug|Win32
		{C56E1BC5-C158-4C3F-9BB8-383BE6C2953C}.Release|x64.ActiveCfg = Release|x64
		{C56E1BC5-C158-4C3F-9BB8-383BE6C2953C}.Release|x64.Build.0 = Release|x64
		{C56E1BC5-C158-4C3F-9BB8-383BE6C2953C}.Release|x86.ActiveCfg = Release|Win32
		{C56E1BC5-C158-4C3F-9BB8-383BE6C2953C}.Release|x86.Build.0 = Release|Win32
		{B1A60CF7-5F82-40C6-862F-3EB98CF2A190}.Debug|x64.ActiveCfg = Debug|x64
		{B1A60CF7-5F82-40C6-862F-3EB98CF2A190}.Debug|x64.Build.0 = Debug|x64
		{B1A60CF7-5F82-40C6-862F-3EB98CF2A190}.Debug|x86.ActiveCfg = Debug|Win32
		{B1A60CF7-5F82-40C6-862F-3EB98CF2A190}.Debug|x86.Build.0 = Debug|Win32
		{B1A60CF7-5F82-40C6-862F-3EB98CF2A190}.Release|x64.ActiveCfg = Release|x64
		{B1A60CF7-5F82-40C6-862F-3EB98CF2A190}.Release|x64.Build.0 = Release|x64
		{B1A60CF7-5F82-40C6-862F-3EB98CF2A190}.Release|x86.ActiveCfg = Release|Win32
		{B1A60CF7-5F82-40C6-862F-3EB98CF2A190}.Release|x86.Build.0 = Release|Win32
		{19CD25B7-2B8A-4D46-ABE5-3848A149050D}.Debug|x64.ActiveCfg = Debug|x64
		{19CD25B7-2B8A-4D46-ABE5-3848A149050D}.Debug|x64.Build.0 = Debug|x64
		{19CD25B7-2B8A-4D46-ABE5-3848A149050D}.Debug|x86.ActiveCfg = Debug|Win32
		{19CD25B7-2B8A-4D46-ABE5-3848A149050D}.Debug|x86.Build.0 = Debug|Win32
		{19CD25B7-2B8A-4D46-ABE5-3848A149050D}.Release|x64.ActiveCfg = Release|x64
		{19CD25B7-2B8A-4D46-ABE5-3848A149050D}.Release|x64.Build.0 = Release|x64
		{19CD25B7-2B8A-4D46-ABE5-3848A149050D}.Release|x86.ActiveCfg = Release|Win32
		{19CD25B7-2B8A-4D46-ABE5-3848A149050D}.Release|x86.Build.0 = Release|Win32
		{70DECB79-694C-4EC4-8D3D-C2E6C6FD0EDF}.Debug|x64.ActiveCfg = Debug|x64
		{70DECB79-694C-4EC4-8D3D-C2E6C6FD0EDF}.Debug|x64.Build.0 = Debug|x64
		{70DECB79-694C-4EC4-8D3D-C2E6C6FD0EDF}.Debug|x86.ActiveCfg = Debug|Win32
		{70DECB79-694C-4EC4-8D3D-C2E6C6FD0EDF}.Debug|x86.Build.0 = Debug|Win32
		{70DECB79-694C-4EC4-8D3D-C2E6C6FD0EDF}.Release|x64.ActiveCfg = Release|x64
		{70DECB79-694C-4EC4-8D3D-C2E6C6FD0EDF}.Release|x64.Build.0 = Release|x64
		{70DECB79-694C-4EC4-8D3D-C2E6C6FD0EDF}.Release|x86.ActiveCfg = Release|Win32
		{70DECB79-694C-4EC4-8D3D-C2E6C6FD0EDF}.Release|x86.Build.0 = Release|Win32
		{446704CB-423E-472B-BDDB-CA23B209C2DE}.Debug|x64.ActiveCfg = Debug|x64
		{446704CB-423E-472B-BDDB-CA23B209C2DE}.Debug|x64.Build.0 = Debug|x64
		{446704CB-423E-472B-BDDB-CA23B209C2DE}.Debug|x86.ActiveCfg = Debug|Win32
		{446704CB-423E-472B-BDDB-CA23B209C2DE}.Debug|x86.Build.0 = Debug|Win32
		{446704CB-423E-472B-BDDB-CA23B209C2DE}.Release|x64.ActiveCfg = Release|x64
		{446704CB-423E-472B-BDDB-CA23B209C2DE}.Release|x64.Build.0 = Release|x64
		{446704CB-423E-472B-BDDB-CA23B209C2DE}.Release|x86.ActiveCfg = Release|Win32
		{446704CB-423E-472B-BDDB-CA23B209C2DE}.Release|x86.Build.0 = Release|Win32
		{ABBCC73D-6F06-410F-A4DB-F8D39CF61B40}.Debug|x64.ActiveCfg = Debug|x64
		{ABBCC73D-6F06-410F-A4DB-F8D39CF61B40}.Debug|x64.Build.0 = Debug|x64
		{ABBCC73D-6F06-410F-A4DB-F8D39CF61B40}.Debug|x86.ActiveCfg = Debug|Win32
		{ABBCC73D-6F06-410F-A4DB-F8D39CF61B40}.Debug|x86.Build.0 = Debug|Win32
		{ABBCC73D-6F06-410F-A4DB-F8D39CF61B40}.Release|x64.ActiveCfg = Release|x64
		{ABBCC73D-6F06-410F-A4DB-F8D39CF61B40}.Release|x64.Build.0 = Release|x64
		{ABBCC73D-6F06-410F-A4DB-F8D39CF61B40}.Release|x86.ActiveCfg = Release|Win32
		{ABBCC73D-6F06-410F-A4DB-F8D39CF61B40}.Release|x86.Build.0 = Release|Win32
		{3B557C7C-CFBC-4765-AA50-C9B5715C4A1F}.Debug|x64.ActiveCfg = Debug|x64
		{3B557C7C-CFBC-4765-AA50-C9B5715C4A1F}.Debug|x64.Build.0 = Debug|x64
		{3B557C7C-CFBC-4765-AA50-C9B5715C4A1F}.Debug|x86.ActiveCfg = Debug|Win32
		{3B557C7C-CFBC-4765-AA50-C9B5715C4A1F}.Debug|x86.Build.0 = Debug|Win32
		{3B557C7C-CFBC-4765-AA50-C9B5715C4A1F}.Release|x64.ActiveCfg = Release|x64
		{3B557C7C-CFBC-4765-AA50-C9B5715C4A1F}.Release|x64.Build.0 = Release|x64
		{3B557C7C-CFBC-4765-AA50-C9B5715C4A1F}.Release|x86.ActiveCfg = Release|Win32
		{3B557C7C-CFBC-4765-AA50-C9B5715C4A1F}.Release|x86.Build.0 = Release|Win32
		{EBA128F4-521C-4229-957C-70ACBAB1CE8F}.Debug|x64.ActiveCfg = Debug|x64
		{EBA128F4-521C-4229-957C-70ACBAB1CE8F}.Debug|x64.Build.0 = Debug|x64
		{EBA128F4-521C-4229-957C-70ACBAB1CE8F}.Debug|x86.ActiveCfg = Debug|Win32
		{EBA128F4-521C-4229-957C-70ACBAB1CE8F}.Debug|x86.Build.0 = Debug|Win32
		{EBA128F4-521C-4229-957C-70ACBAB1CE8F}.Release|x64.ActiveCfg = Release|x64
		{EBA128F4-521C-4229-957C-70ACBAB1CE8F}.Release|x64.Build.0 = Release|x64
		{EBA128F4-521C-4229-957C-70ACBAB1CE8F}.Release|x86.ActiveCfg = Release|Win32
		{EBA128F4-521C-4229-957C-70ACBAB1CE8F}.Release|x86.Build.0 = Release|Win32
		{78CA17CF-86BE-4D02-BCA4-64552D0A63CE}.Debug|x64.ActiveCfg = Debug|x64
		{78CA17CF-86BE-4D02-BCA4-64552D0A63CE}.Debug|x64.Build.0 = Debug|x64
		{78CA17CF-86BE-4D02-BCA4-64552D0A63CE}.Debug|x86.ActiveCfg = Debug|Win32
		{78CA17CF-86BE-4D02-BCA4-64552D0A63CE}.Debug|x86.Build.0 = Debug|Win32
		{78CA17CF-86BE-4D02-BCA4-64552D0A63CE}.Release|x64.ActiveCfg = Release|x64
		{78CA17CF-86BE-4D02-BCA4-64552D0A63CE}.Release|x64.Build.0 = Release|x64
		{78CA17CF-86BE-4D02-BCA4-64552D0A63CE}.Release|x86.ActiveCfg = Release|Win32
		{78CA17CF-86BE-4D02-BCA4-64552D0A63CE}.Release|x86.Build.0 = Release|Win32
		{B35D696E-2C7B-4416-928E-D358D53E59C5}.Debug|x64.ActiveCfg = Debug|x64
		{B35D696E-2C7B-4416-928E-D358D53E59C5}.Debug|x64.Build.0 = Debug|x64
		{B35D696E-2C7B-4416-928E-D358D53E59C5}.Debug|x86.ActiveCfg = Debug|Win32
		{B35D696E-2C7B-4416-928E-D358D53E59C5}.Debug|x86.Build.0 = Debug|Win32
		{B35D696E-2C7B-4416-928E-D358D53E59C5}.Release|x64.ActiveCfg = Release|x64
		{B35D696E-2C7B-4416-928E-D358D53E59C5}.Release|x64.Build.0 = Release|x64
		{B35D696E-2C7B-4416-928E-D358D53E59C5}.Release|x86.ActiveCfg = Release|Win32
		{B35D696E-2C7B-4416-928E-D358D53E59C5}.Release|x86.Build.0 = Release|Win32
		{E16951A1-0BFE-4AF2-84A9-85DE58A738E3}.Debug|x64.ActiveCfg = Debug|x64
		{E16951A1-0BFE-4AF2-84A9-85DE58A738E3}.Debug|x64.Build.0 = Debug|x64
		{E16951A1-0BFE-4AF2-84A9-85DE58A738E3}.Debug|x86.ActiveCfg = Debug|Win32
		{E16951A1-0BFE-4AF2-84A9-85DE58A738E3}.Debug|x86.Build.0 = Debug|Win32
		{E16951A1-0BFE-4AF2-84A9-85DE58A738E3}.Release|x64.ActiveCfg = Release|x64
		{E16951A1-0BFE-4AF2-84A9-85DE58A738E3}.Release|x64.Build.0 = Release|x64
		{E16951A1-0BFE-4AF2-84A9-85DE58A738E3}.Release|x86.ActiveCfg = Release|Win32
		{E16951A1-0BFE-4AF2-84A9-85DE58A738E3}.Release|x86.Build.0 = Release|Win32
		{4A30E9A6-7424-4F24-9582-12EE9ACEE12C}.Debug|x64.ActiveCfg = Debug|x64
		{4A30E9A6-7424-4F24-9582-12EE9ACEE12C}.Debug|x64.Build.0 = Debug|x64
		{4A30E9A6-7424-4F24-9582-12EE9ACEE12C}.Debug|x86.ActiveCfg = Debug|Win32
		{4A30E9A6-7424-4F24-9582-12EE9ACEE12C}.Debug|x86.Build.0 = Debug|Win32
		{4A30E9A6-7424-4F24-9582-12EE9ACEE12C}.Release|x64.ActiveCfg = Release|x64
		{4A30E9A6-7424-4F24-9582-12EE9ACEE12C}.Release|x64.Build.0 = Release|x64
		{4A30E9A6-7424-4F24-9582-12EE9ACEE12C}.Release|x86.ActiveCfg = Release|Win32
		{4A30E9A6-7424-4F24-9582-12EE9ACEE12C}.Release|x86.Build.0 = Release|Win32
		{1EA0A983-31C9-478B-BEA5-2CECFDC6E696}.Debug|x64.ActiveCfg = Debug|x64
		{1EA0A983-31C9-478B-BEA5-2CECFDC6E696}.Debug|x64.Build.0 = Debug|x64
		{1EA0A983-31C9-478B-BEA5-2CECFDC6E696}.Debug|x86.ActiveCfg = Debug|Win32
		{1EA0A983-31C9-478B-BEA5-2CECFDC6E696}.Debug|x86.Build.0 = Debug|Win32
		{1EA0A983-31C9-478B-BEA5-2CECFDC6E696}.Release|x64.ActiveCfg = Release|x64
		{1EA0A983-31C9-478B-BEA5-2CECFDC6E696}.Release|x64.Build.0 = Release|x64
		{1EA0A983-31C9-478B-BEA5-2CECFDC6E696}.Release|x86.ActiveCfg = Release|Win32
		{1EA0A983-31C9-478B-BEA5-2CECFDC6E696}.Release|x86.Build.0 = Release|Win32
		{7080A8A9-3D2C-4D7A-A2CE-5B72821CE6E8}.Debug|x64.ActiveCfg = Debug|x64
		{7080A8A9-3D2C-4D7A-A2CE-5B72821CE6E8}.Debug|x64.Build.0 = Debug|x64
		{7080A8A9-3D2C-4D7A-A2CE-5B72821CE6E8}.Debug|x86.ActiveCfg = Debug|Win32
		{7080A8A9-3D2C-4D7A-A2CE-5B72821CE6E8}.Debug|x86.Build.0 = Debug|Win32
		{7080A8A9-3D2C-4D7A-A2CE-5B72821CE6E8}.Release|x64.ActiveCfg = Release|x64
		{7080A8A9-3D2C-4D7A-A2CE-5B72821CE6E8}.Release|x64.Build.0 = Release|x64
		{7080A8A9-3D2C-4D7A-A2CE-5B72821CE6E8}.Release|x86.ActiveCfg = Release|Win32
		{7080A8A9-3D2C-4D7A-A2CE-5B72821CE6E8}.Release|x86.Build.0 = Release|Win32
		{20C9AE1E-2F38-4B37-BBDF-57BF8FF99900}.Debug|x64.ActiveCfg = Debug|x64
		{20C9AE1E-2F38-4B37-BBDF-57BF8FF99900}.Debug|x64.Build.0 = Debug|x64
		{20C9AE1E-2F38-4B37-BBDF-57BF8FF99900}.Debug|x86.ActiveCfg = Debug|Win32
		{20C9AE1E-2F38-4B37-BBDF-57BF8FF99900}.Debug|x86.Build.0 = Debug|Win32
		{20C9AE1E-2F38-4B37-BBDF-57BF8FF99900}.Release|x64.ActiveCfg = Release|x64
		{20C9AE1E-2F38-4B37-BBDF-57BF8FF99900}.Release|x64.Build.0 = Release|x64
		{20C9AE1E-2F38-4B37-BBDF-57BF8FF99900}.Release|x86.ActiveCfg = Release|Win32
		{20C9AE1E-2F38-4B37-BBDF-57BF8FF99900}.Release|x86.Build.0 = Release|Win32
		{B6BB824D-2C13-4114-956E-4DB06D75B82F}.Debug|x64.ActiveCfg = Debug|x64
		{B6BB824D-2C13-4114-956E-4DB06D75B82F}.Debug|x64.Build.0 = Debug|x64
		{B6BB824D-2C13-4114-956E-4DB06D75B82F}.Debug|x86.ActiveCfg = Debug|Win32
		{B6BB824D-2C13-4114-956E-4DB06D75B82F}.Debug|x86.Build.0 = Debug|Win32
		{B6BB824D-2C13-4114-956E-4DB06D75B82F}.Release|x64.ActiveCfg = Release|x64
		{B6BB824D-2C13-4114-956E-4DB06D75B82F}.Release|x64.Build.0 = Release|x64
		{B6BB824D-2C13-4114-956E-4DB06D75B82F}.Release|x86.ActiveCfg = Release|Win32
		{B6BB824D-2C13-4114-956E-4DB06D75B82F}.Release|x86.Build.0 = Release|Win32
		{DC3338A0-7254-432B-81EB-41E0DBC430AA}.Debug|x64.ActiveCfg = Debug|x64
		{DC3338A0-7254-432B-81EB-41E0DBC430AA}.Debug|x64.Build.0 = Debug|x64
		{DC3338A0-7254-432B-81EB-41E0DBC430AA}.Debug|x86.ActiveCfg = Debug|Win32
		{DC3338A0-7254-432B-81EB-41E0DBC430AA}.Debug|x86.Build.0 = Debug|Win32
		{DC3338A0-7254-432B-81EB-41E0DBC430AA}.Release|x64.ActiveCfg = Release|x64
		{DC3338A0-7254-432B-81EB-41E0DBC430AA}.Release|x64.Build.0 = Release|x64
		{DC3338A0-7254-432B-81EB-41E0DBC430AA}.Release|x86.ActiveCfg = Release|Win32
		{DC3338A0-7254-432B-81EB-41E0DBC430AA}.Release|x86.Build.0 = Release|Win32
		{338ABBB3-2A49-4535-B65D-860CD2435C0D}.Debug|x64.ActiveCfg = Debug|x64
		{338ABBB3-2A49-4535-B65D-860CD2435C0D}.Debug|x64.Build.0 = Debug|x64
		{338ABBB3-2A49-4535-B65D-860CD2435C0D}.Debug|x86.ActiveCfg = Debug|Win32
		{338ABBB3-2A49-4535-B65D-860CD2435C0D}.Debug|x86.Build.0 = Debug|Win32
		{338ABBB3-2A49-4535-B65D-860CD2435C0D}.Release|x64.ActiveCfg = Release|x64
		{338ABBB3-2A49-4535-B65D-860CD2435C0D}.Release|x64.Build.0 = Release|x64
		{338ABBB3-2A49-4535-B65D-860CD2435C0D}.Release|x86.ActiveCfg = Release|Win32
		{338ABBB3-2A49-4535-B65D-860CD2435C0D}.Release|x86.Build.0 = Release|Win32
		{1E4F45B4-C69A-4181-8523-D4F93DD1111C}.Debug|x64.ActiveCfg = Debug|x64
		{1E4F45B4-C69A-4181-8523-D4F93DD1111C}.Debug|x64.Build.0 = Debug|x64
		{1E4F45B4-C69A-4181-8523-D4F93DD1111C}.Debug|x86.ActiveCfg = Debug|Win32
		{1E4F45B4-C69A-4181-8523-D4F93DD1111C}.Debug|x86.Build.0 = Debug|Win32
		{1E4F45B4-C69A-4181-8523-D4F93DD1111C}.Release|x64.ActiveCfg = Release|x64
		{1E4F45B4-C69A-4181-8523-D4F93DD1111C}.Release|x64.Build.0 = Release|x64
		{1E4F45B4-C69A-4181-8523-D4F93DD1111C}.Release|x86.ActiveCfg = Release|Win32
		{1E4F45B4-C69A-4181-8523-D4F93DD1111C}.Release|x86.Build.0 = Release|Win32
		{00EC4438-3B18-41CB-94CB-425194B2D310}.Debug|x64.ActiveCfg = Debug|x64
		{00EC4438-3B18-41CB-94CB-425194B2D310}.Debug|x64.Build.0 = Debug|x64
		{00EC4438-3B18-41CB-94CB-425194B2D310}.Debug|x86.ActiveCfg = Debug|Win32
		{00EC4438-3B18-41CB-94CB-425194B2D310}.Debug|x86.Build.0 = Debug|Win32
		{00EC4438-3B18-41CB-94CB-425194B2D310}.Release|x64.ActiveCfg = Release|x64
		{00EC4438-3B18-41CB-94CB-425194B2D310}.Release|x64.Build.0 = Release|x64
		{00EC4438-3B18-41CB-94CB-425194B2D310}.Release|x86.ActiveCfg = Release|Win32
		{00EC4438-3B18-41CB-94CB-425194B2D310}.Release|x86.Build.0 = Release|Win32
		{CC8AF422-FC65-4B92-A875-048954CC6734}.Debug|x64.ActiveCfg = Debug|x64
		{CC8AF422-FC65-4B92-A875-048954CC6734}.Debug|x64.Build.0 = Debug|x64
		{CC8AF422-FC65-4B92-A875-048954CC6734}.Debug|x86.ActiveCfg = Debug|Win32
		{CC8AF422-FC65-4B92-A875-048954CC6734}.Debug|x86.Build.0 = Debug|Win32
		{CC8AF422-FC65-4B92-A875-048954CC6734}.Release|x64.ActiveCfg = Release|x64
		{CC8AF422-FC65-4B92-A875-048954CC6734}.Release|x64.Build.0 = Release|x64
		{CC8AF422-FC65-4B92-A875-048954CC6734}.Release|x86.ActiveCfg = Release|Win32
		{CC8AF422-FC65-4B92-A875-048954CC6734}.Release|x86.Build.0 = Release|Win32
		{1C6282C3-1CF2-4691-B947-1BFE0DF5D9D2}.Debug|x64.ActiveCfg = Debug|x64
		{1C6282C3-1CF2-4691-B947-1BFE0DF5D9D2}.Debug|x64.Build.0 = Debug|x64
		{1C6282C3-1CF2-4691-B947-1BFE0DF5D9D2}.Debug|x86.ActiveCfg = Debug|Win32
		{1C6282C3-1CF2-4691-B947-1BFE0DF5D9D2}.Debug|x86.Build.0 = Debug|Win32
		{1C6282C3-1CF2-4691-B947-1BFE0DF5D9D2}.Release|x64.ActiveCfg = Release|x64
		{1C6282C3-1CF2-4691-B947-1BFE0DF5D9D2}.Release|x64.Build.0 = Release|x64
		{1C6282C3-1CF2-4691-B947-1BFE0DF5D9D2}.Release|x86.ActiveCfg = Release|Win32
		{1C6282C3-1CF2-4691-B947-1BFE0DF5D9D2}.Release|x86.Build.0 = Release|Win32
		{746FD131-BC80-490F-9AFA-85BE7C3A318F}.Debug|x64.ActiveCfg = Debug|x64
		{746FD131-BC80-490F-9AFA-85BE7C3A318F}.Debug|x64.Build.0 = Debug|x64
		{746FD131-BC80-490F-9AFA-85BE7C3A318F}.Debug|x86.ActiveCfg = Debug|Win32
		{746FD131-BC80-490F-9AFA-85BE7C3A318F}.Debug|x86.Build.0 = Debug|Win32
		{746FD131-BC80-490F-9AFA-85BE7C3A318F}.Release|x64.ActiveCfg = Release|x64
		{746FD131-BC80-490F-9AFA-85BE7C3A318F}.Release|x64.Build.0 = Release|x64
		{746FD131-BC80-490F-9AFA-85BE7C3A318F}.Release|x86.ActiveCfg = Release|Win32
		{746FD131-BC80-490F-9AFA-85BE7C3A318F}.Release|x86.Build.0 = Release|Win32
		{E60F6689-D975-41A9-A4D7-3C08B0D4D9D9}.Debug|x64.ActiveCfg = Debug|x64
		{E60F6689-D975-41A9-A4D7-3C08B0D4D9D9}.Debug|x64.Build.0 = Debug|x64
		{E60F6689-D975-41A9-A4D7-3C08B0D4D9D9}.Debug|x86.ActiveCfg = Debug|Win32
		{E60F6689-D975-41A9-A4D7-3C08B0D4D9D9}.Debug|x86.Build.0 = Debug|Win32
		{E60F6689-D975-41A9-A4D7-3C08B0D4D9D9}.Release|x64.ActiveCfg = Release|x64
		{E60F6689-D975-41A9-A4D7-3C08B0D4D9D9}.Release|x64.Build.0 = Release|x64
		{E60F6689-D975-41A9-A4D7-3C08B0D4D9D9}.Release|x86.ActiveCfg = Release|Win32
		{E60F6689-D975-41A9-A4D7-3C08B0D4D9D9}.Release|x86.Build.0 = Release|Win32
		{88AAEC16-30E7-44CD-AC5A-D8598FD563F5}.Debug|x64.ActiveCfg = Debug|x64
		{88AAEC16-30E7-44CD-AC5A-D8598FD563F5}.Debug|x64.Build.0 = Debug|x64
		{88AAEC16-30E7-44CD-AC5A-D8598FD563F5}.Debug|x86.ActiveCfg = Debug|Win32
		{88AAEC16-30E7-44CD-AC5A-D8598FD563F5}.Debug|x86.Build.0 = Debug|Win32
		{88AAEC16-30E7-44CD-AC5A-D8598FD563F5}.Release|x64.ActiveCfg = Release|x64
		{88AAEC16-30E7-44CD-AC5A-D8598FD563F5}.Release|x64.Build.0 = Release|x64
		{88AAEC16-30E7-44CD-AC5A-D8598FD563F5}.Release|x86.ActiveCfg = Release|Win32
		{88AAEC16-30E7-44CD-AC5A-D8598FD563F5}.Release|x86.Build.0 = Release|Win32
		{C49021C5-98EE-45A6-B6C0-0367DD229B89}.Debug|x64.ActiveCfg = Debug|x64
		{C49021C5-98EE-45A6-B6C0-0367DD229B89}.Debug|x64.Build.0 = Debug|x64
		{C49021C5-98EE-45A6-B6C0-0367DD229B89}.Debug|x86.ActiveCfg = Debug|Win32
		{C49021C5-98EE-45A6-B6C0-0367DD229B89}.Debug|x86.Build.0 = Debug|Win32
		{C49021C5-98EE-45A6-B6C0-0367DD229B89}.Release|x64.ActiveCfg = Release|x64
		{C49021C5-98EE-45A6-B6C0-0367DD229B89}.Release|x64.Build.0 = Release|x64
		{C49021C5-98EE-45A6-B6C0-0367DD229B89}.Release|x86.ActiveCfg = Release|Win32
		{C49021C5-98EE-45A6-B6C0-0367DD229B89}.Release|x86.Build.0 = Release|Win32
		{B826B059-ED29-4A82-9EBF-492A20D01D3F}.Debug|x64.ActiveCfg = Debug|x64
		{B826B059-ED29-4A82-9EBF-492A20D01D3F}.Debug|x64.Build.0 = Debug|x64
		{B826B059-ED29-4A82-9EBF-492A20D01D3F}.Debug|x86.ActiveCfg = Debug|Win32
		{B826B059-ED29-4A82-9EBF-492A20D01D3F}.Debug|x86.Build.0 = Debug|Win32
		{B826B059-ED29-4A82-9EBF-492A20D01D3F}.Release|x64.ActiveCfg = Release|x64
		{B826B059-ED29-4A82-9EBF-492A20D01D3F}.Release|x64.Build.0 = Release|x64
		{B826B059-ED29-4A82-9EBF-492A20D01D3F}.Release|x86.ActiveCfg = Release|Win32
		{B826B059-ED29-4A82-9EBF-492A20D01D3F}.Release|x86.Build.0 = Release|Win32
		{FD16C4CF-77DB-466F-B7CA-2AB0FB8DE040}.Debug|x64.ActiveCfg = Debug|x64
		{FD16C4CF-77DB-466F-B7CA-2AB0FB8DE040}.Debug|x64.Build.0 = Debug|x64
		{FD16C4CF-77DB-466F-B7CA-2AB0FB8DE040}.Debug|x86.ActiveCfg = Debug|Win32
		{FD16C4CF-77DB-466F-B7CA-2AB0FB8DE040}.Debug|x86.Build.0 = Debug|Win32
		{FD16C4CF-77DB-466F-B7CA-2AB0FB8DE040}.Release|x64.ActiveCfg = Release|x64
		{FD16C4CF-77DB-466F-B7CA-2AB0FB8DE040}.Release|x64.Build.0 = Release|x64
		{FD16C4CF-77DB-466F-B7CA-2AB0FB8DE040}.Release|x86.ActiveCfg = Release|Win32
		{FD16C4CF-77DB-466F-B7CA-2AB0FB8DE040}.Release|x86.Build.0 = Release|Win32
		{EE2E9727-2435-4C23-828C-27E7AFCD2A14}.Debug|x64.ActiveCfg = Debug|x64
		{EE2E9727-2435-4C23-828C-27E7AFCD2A14}.Debug|x64.Build.0 = Debug|x64
		{EE2E9727-2435-4C23-828C-27E7AFCD2A14}.Debug|x86.ActiveCfg = Debug|Win32
		{EE2E9727-2435-4C23-828C-27E7AFCD2A14}.Debug|x86.Build.0 = Debug|Win32
		{EE2E9727-2435-4C23-828C-27E7AFCD2A14}.Release|x64.ActiveCfg = Release|x64
		{EE2E9727-2435-4C23-828C-27E7AFCD2A14}.Release|x64.Build.0 = Release|x64
		{EE2E9727-2435-4C23-828C-27E7AFCD2A14}.Release|x86.ActiveCfg = Release|Win32
		{EE2E9727-2435-4C23-828C-27E7AFCD2A14}.Release|x86.Build.0 = Release|Win32
		{5E6714B3-41B8-417C-A977-876FCA4DCE3E}.Debug|x64.ActiveCfg = Debug|x64
		{5E6714B3-41B8-417C-A977-876FCA4DCE3E}.Debug|x64.Build.0 = Debug|x64
		{5E6714B3-41B8-417C-A977-876FCA4DCE3E}.Debug|x86.ActiveCfg = Debug|Win32
		{5E6714B3-41B8-417C-A977-876FCA4DCE3E}.Debug|x86.Build.0 = Debug|Win32
		{5E6714B3-41B8-417C-A977-876FCA4DCE3E}.Release|x64.ActiveCfg = Release|x64
		{5E6714B3-41B8-417C-A977-876FCA4DCE3E}.Release|x64.Build.0 = Release|x64
		{5E6714B3-41B8-417C-A977-876FCA4DCE3E}.Release|x86.ActiveCfg = Release|Win32
		{5E6714B3-41B8-417C-A977-876FCA4DCE3E}.Release|x86.Build.0 = Release|Win32
		{F21FC34C-FF5E-43A3-8267-E44DC6B81454}.Debug|x64.ActiveCfg = Debug|x64
		{F21FC34C-FF5E-43A3-8267-E44DC6B81454}.Debug|x64.Build.0 = Debug|x64
		{F21FC34C-FF5E-43A3-8267-E44DC6B81454}.Debug|x86.ActiveCfg = Debug|Win32
		{F21FC34C-FF5E-43A3-8267-E44DC6B81454}.Debug|x86.Build.0 = Debug|Win32
		{F21FC34C-FF5E-43A3-8267-E44DC6B81454}.Release|x64.ActiveCfg = Release|x64
		{F21FC34C-FF5E-43A3-8267-E44DC6B81454}.Release|x64.Build.0 = Release|x64
		{F21FC34C-FF5E-43A3-8267-E44DC6B81454}.Release|x86.ActiveCfg = Release|Win32
		{F21FC34C-FF5E-43A3-8267-E44DC6B81454}.Release|x86.Build.0 = Release|Win32
		{67A69F27-9FF3-4FAA-A06D-11D35DBB8CD8}.Debug|x64.ActiveCfg = Debug|x64
		{67A69F27-9FF3-4FAA-A06D-11D35DBB8CD8}.Debug|x64.Build.0 = Debug|x64
		{67A69F27-9FF3-4FAA-A06D-11D35DBB8CD8}.Debug|x86.ActiveCfg = Debug|Win32
		{67A69F27-9FF3-4FAA-A06D-11D35DBB8CD8}.Debug|x86.Build.0 = Debug|Win32
		{67A69F27-9FF3-4FAA-A06D-11D35DBB8CD8}.Release|x64.ActiveCfg = Release|x64
		{67A69F27-9FF3-4FAA-A06D-11D35DBB8CD8}.Release|x64.Build.0 = Release|x64
		{67A69F27-9FF3-4FAA-A06D-11D35DBB8CD8}.Release|x86.ActiveCfg = Release|Win32
		{67A69F27-9FF3-4FAA-A06D-11D35DBB8CD8}.Release|x86.Build.0 = Release|Win32
		{23BE4788-1468-4E22-AB73-BF682ACFF28F}.Debug|x64.ActiveCfg = Debug|x64
		{23BE4788-1468-4E22-AB73-BF682ACFF28F}.Debug|x64.Build.0 = Debug|x64
		{23BE4788-1468-4E22-AB73-BF682ACFF28F}.Debug|x86.ActiveCfg = Debug|Win32
		{23BE4788-1468-4E22-AB73-BF682ACFF28F}.Debug|x86.Build.0 = Debug|Win32
		{23BE4788-1468-4E22-AB73-BF682ACFF28F}.Release|x64.ActiveCfg = Release|x64
		{23BE4788-1468-4E22-AB73-BF682ACFF28F}.Release|x64.Build.0 = Release|x64
		{23BE4788-1468-4E22-AB73-BF682ACFF28F}.Release|x86.ActiveCfg = Release|Win32
		{23BE4788-1468-4E22-AB73-BF682ACFF28F}.Release|x86.Build.0 = Release|Win32
		{BD008E12-FCDA-47C8-9CBA-FFC49973CC05}.Debug|x64.ActiveCfg = Debug|x64
		{BD008E12-FCDA-47C8-9CBA-FFC49973CC05}.Debug|x64.Build.0 = Debug|x64
		{BD008E12-FCDA-47C8-9CBA-FFC49973CC05}.Debug|x86.ActiveCfg = Debug|Win32
		{BD008E12-FCDA-47C8-9CBA-FFC49973CC05}.Debug|x86.Build.0 = Debug|Win32
		{BD008E12-FCDA-47C8-9CBA-FFC49973CC05}.Release|x64.ActiveCfg = Release|x64
		{BD008E12-FCDA-47C8-9CBA-FFC49973CC05}.Release|x64.Build.0 = Release|x64
		{BD008E12-FCDA-47C8-9CBA-FFC49973CC05}.Release|x86.ActiveCfg = Release|Win32
		{BD008E12-FCDA-47C8-9CBA-FFC49973CC05}.Release|x86.Build.0 = Release|Win32
		{30012B28-3523-455C-A2EE-3BCE711294D9}.Debug|x64.ActiveCfg = Debug|x64
		{30012B28-3523-455C-A2EE-3BCE711294D9}.Debug|x64.Build.0 = Debug|x64
		{30012B28-3523-455C-A2EE-3BCE711294D9}.Debug|x86.ActiveCfg = Debug|Win32
		{30012B28-3523-455C-A2EE-3BCE711294D9}.Debug|x86.Build.0 = Debug|Win32
		{30012B28-3523-455C-A2EE-3BCE711294D9}.Release|x64.ActiveCfg = Release|x64
		{30012B28-3523-455C-A2EE-3BCE711294D9}.Release|x64.Build.0 = Release|x64
		{30012B28-3523-455C-A2EE-3BCE711294D9}.Release|x86.ActiveCfg = Release|Win32
		{30012B28-3523-455C-A2EE-3BCE711294D9}.Release|x86.Build.0 = Release|Win32
		{C78A5056-906D-4A6C-94DD-C330798A8ABB}.Debug|x64.ActiveCfg = Debug|x64
		{C78A5056-906D-4A6C-94DD-C330798A8ABB}.Debug|x64.Build.0 = Debug|x64
		{C78A5056-906D-4A6C-94DD-C330798A8ABB}.Debug|x86.ActiveCfg = Debug|Win32
		{C78A5056-906D-4A6C-94DD-C330798A8ABB}.Debug|x86.Build.0 = Debug|Win32
		{C78A5056-906D-4A6C-94DD-C330798A8ABB}.Release|x64.ActiveCfg = Release|x64
		{C78A5056-906D-4A6C-94DD-C330798A8ABB}.Release|x64.Build.0 = Release|x64
		{C78A5056-906D-4A6C-94DD-C330798A8ABB}.Release|x86.ActiveCfg = Release|Win32
		{C78A5056-906D-4A6C-94DD-C330798A8ABB}.Release|x86.Build.0 = Release|Win32
		{9BBC4BF0-638C-41BD-BE40-8090B6BEE09B}.Debug|x64.ActiveCfg = Debug|x64
		{9BBC4BF0-638C-41BD-BE40-8090B6BEE09B}.Debug|x64.Build.0 = Debug|x64
		{9BBC4BF0-638C-41BD-BE40-8090B6BEE09B}.Debug|x86.ActiveCfg = Debug|Win32
		{9BBC4BF0-638C-41BD-BE40-8090B6BEE09B}.Debug|x86.Build.0 = Debug|Win32
		{9BBC4BF0-638C-41BD-BE40-8090B6BEE09B}.Release|x64.ActiveCfg = Release|x64
		{9BBC4BF0-638C-41BD-BE40-8090B6BEE09B}.Release|x64.Build.0 = Release|x64
		{9BBC4BF0-638C-41BD-BE40-8090B6BEE09B}.Release|x86.ActiveCfg = Release|Win32
		{9BBC4BF0-638C-41BD-BE40-8090B6BEE09B}.Release|x86.Build.0 = Release|Win32
		{B4FBE5CA-440F-4F1A-BF46-97EF8057439A}.Debug|x64.ActiveCfg = Debug|x64
		{B4FBE5CA-440F-4F1A-BF46-97EF8057439A}.Debug|x64.Build.0 = Debug|x64
		{B4FBE5CA-440F-4F1A-BF46-97EF8057439A}.Debug|x86.ActiveCfg = Debug|Win32
		{B4FBE5CA-440F-4F1A-BF46-97EF8057439A}.Debug|x86.Build.0 = Debug|Win32
		{B4FBE5CA-440F-4F1A-BF46-97EF8057439A}.Release|x64.ActiveCfg = Release|x64
		{B4FBE5CA-440F-4F1A-BF46-97EF8057439A}.Release|x64.Build.0 = Release|x64
		{B4FBE5CA-440F-4F1A-BF46-97EF8057439A}.Release|x86.ActiveCfg = Release|Win32
		{B4FBE5CA-440F-4F1A-BF46-97EF8057439A}.Release|x86.Build.0 = Release|Win32
	EndGlobalSection
	GlobalSection(SolutionProperties) = preSolution
		HideSolutionNode = FALSE
	EndGlobalSection
	GlobalSection(NestedProjects) = preSolution
		{6A4F017E-03F5-4E86-B186-EE2A98C4841C} = {CE420F0B-6C26-4F1A-BB1F-D9C326F3E04B}
		{C0E726DF-01D1-430C-A38F-32829A770BC6} = {CE420F0B-6C26-4F1A-BB1F-D9C326F3E04B}
		{173FCAF9-CD53-48F6-8C82-235427072A8A} = {CE420F0B-6C26-4F1A-BB1F-D9C326F3E04B}
		{244248BF-E8D3-4A70-8D68-0F2B58579BFF} = {CE420F0B-6C26-4F1A-BB1F-D9C326F3E04B}
		{906AA5A6-3A27-438C-9C65-D78895FAFB35} = {CE420F0B-6C26-4F1A-BB1F-D9C326F3E04B}
		{7A4AEDC1-09B4-43A9-9C14-60CBB80A3802} = {A79FA868-9184-45DF-9E33-3293AF541229}
		{AA2F4DAC-B71A-412D-A7CF-926A786171CE} = {A79FA868-9184-45DF-9E33-3293AF541229}
		{0747FF42-6A8D-4815-848F-01BDFD5837B7} = {A79FA868-9184-45DF-9E33-3293AF541229}
		{D7E87FE4-4384-4AB8-A36F-9D37EFEC67A8} = {A79FA868-9184-45DF-9E33-3293AF541229}
		{F22C7C46-2147-49F4-A24F-C8026B079C2B} = {A79FA868-9184-45DF-9E33-3293AF541229}
		{6B636ABC-9836-43CC-B154-0745EA3F5D84} = {A79FA868-9184-45DF-9E33-3293AF541229}
		{D2F88DAC-632A-410B-BF38-CA33539B3A1D} = {B85172D6-3C84-41B8-B6C6-893FE8C7EC12}
		{5F464B9F-D676-4881-A173-A68DCF4BA0B3} = {B85172D6-3C84-41B8-B6C6-893FE8C7EC12}
		{FF0AF575-2EF1-42F4-97A3-361AE7423CBF} = {B85172D6-3C84-41B8-B6C6-893FE8C7EC12}
		{35B46BB9-48CB-4EC8-A3A5-28A190BA4D18} = {B85172D6-3C84-41B8-B6C6-893FE8C7EC12}
		{852EB437-F21B-4FC8-802D-94717FCE7BF8} = {B85172D6-3C84-41B8-B6C6-893FE8C7EC12}
		{803E8C54-D671-4F66-873A-8FEA4B9C723E} = {B85172D6-3C84-41B8-B6C6-893FE8C7EC12}
		{FA9C2C06-82F2-4B3E-B74C-3A3B339DF70F} = {B85172D6-3C84-41B8-B6C6-893FE8C7EC12}
		{60B578DD-B5D2-4D71-BB5D-1B30208EFC5F} = {CE420F0B-6C26-4F1A-BB1F-D9C326F3E04B}
		{B6EF2359-3AE7-4810-B5FD-5817EEC28BDA} = {CE420F0B-6C26-4F1A-BB1F-D9C326F3E04B}
		{D063D8B5-88DA-4791-B249-0C849DB4224A} = {CE420F0B-6C26-4F1A-BB1F-D9C326F3E04B}
		{D5BC96AE-FCA1-470D-9C53-81926C4B824C} = {CE420F0B-6C26-4F1A-BB1F-D9C326F3E04B}
		{AEEC1582-E1D2-4E82-8853-B7DEC80C465C} = {CE420F0B-6C26-4F1A-BB1F-D9C326F3E04B}
		{9C6FFB97-5C0F-4DCA-9D25-6D5CE7D39DB8} = {CE420F0B-6C26-4F1A-BB1F-D9C326F3E04B}
		{D67E5F11-DD95-4CA7-A328-8A26C14863AB} = {90042040-585D-440A-866B-E6C8F70CCD98}
		{41F4F833-2D89-4053-A409-CA20F78057BE} = {90042040-585D-440A-866B-E6C8F70CCD98}
		{703FCFB6-BE03-4CDD-A363-D29086923785} = {90042040-585D-440A-866B-E6C8F70CCD98}
		{449BC836-E504-429E-99B1-715000EFE134} = {90042040-585D-440A-866B-E6C8F70CCD98}
		{29BAC7B7-DAE3-4B64-8423-F0FB989D0F70} = {90042040-585D-440A-866B-E6C8F70CCD98}
		{6D096526-11E6-4E81-8406-37A682EC1A90} = {90042040-585D-440A-866B-E6C8F70CCD98}
		{4C981C4F-6432-43F1-8D79-9F36FA9F76E1} = {90042040-585D-440A-866B-E6C8F70CCD98}
		{D306E2B8-2231-437D-ABB9-DA38A98AF20C} = {C97D527E-FD3A-4B29-8ED3-AD55631FFE09}
		{E796BDF3-CD16-4FB3-9EA2-12E67C4B1E20} = {C97D527E-FD3A-4B29-8ED3-AD55631FFE09}
		{0E63EDC0-9979-4EA9-BFB8-FC3F71816B5B} = {C97D527E-FD3A-4B29-8ED3-AD55631FFE09}
		{399AB3E4-9907-4EA7-A344-4948ADE57AA4} = {C97D527E-FD3A-4B29-8ED3-AD55631FFE09}
		{5CA944C1-5092-49A1-937A-BEFCEDE62985} = {C97D527E-FD3A-4B29-8ED3-AD55631FFE09}
		{DB8431CD-12AB-42F5-8D27-331ED38EB1D4} = {C97D527E-FD3A-4B29-8ED3-AD55631FFE09}
		{6F0D795C-730A-4E7B-966D-F11846E7A62A} = {C97D527E-FD3A-4B29-8ED3-AD55631FFE09}
		{545191DF-4316-40EB-BA34-8E5A2101B7E4} = {C97D527E-FD3A-4B29-8ED3-AD55631FFE09}
		{C56E1BC5-C158-4C3F-9BB8-383BE6C2953C} = {C97D527E-FD3A-4B29-8ED3-AD55631FFE09}
		{B1A60CF7-5F82-40C6-862F-3EB98CF2A190} = {C97D527E-FD3A-4B29-8ED3-AD55631FFE09}
		{19CD25B7-2B8A-4D46-ABE5-3848A149050D} = {C97D527E-FD3A-4B29-8ED3-AD55631FFE09}
		{70DECB79-694C-4EC4-8D3D-C2E6C6FD0EDF} = {C97D527E-FD3A-4B29-8ED3-AD55631FFE09}
		{446704CB-423E-472B-BDDB-CA23B209C2DE} = {83E955F4-195B-4029-8E2B-01434B9FCBC0}
		{ABBCC73D-6F06-410F-A4DB-F8D39CF61B40} = {83E955F4-195B-4029-8E2B-01434B9FCBC0}
		{3B557C7C-CFBC-4765-AA50-C9B5715C4A1F} = {83E955F4-195B-4029-8E2B-01434B9FCBC0}
		{EBA128F4-521C-4229-957C-70ACBAB1CE8F} = {83E955F4-195B-4029-8E2B-01434B9FCBC0}
		{78CA17CF-86BE-4D02-BCA4-64552D0A63CE} = {83E955F4-195B-4029-8E2B-01434B9FCBC0}
		{B35D696E-2C7B-4416-928E-D358D53E59C5} = {83E955F4-195B-4029-8E2B-01434B9FCBC0}
		{E16951A1-0BFE-4AF2-84A9-85DE58A738E3} = {83E955F4-195B-4029-8E2B-01434B9FCBC0}
		{4A30E9A6-7424-4F24-9582-12EE9ACEE12C} = {83E955F4-195B-4029-8E2B-01434B9FCBC0}
		{1EA0A983-31C9-478B-BEA5-2CECFDC6E696} = {83E955F4-195B-4029-8E2B-01434B9FCBC0}
		{7080A8A9-3D2C-4D7A-A2CE-5B72821CE6E8} = {83E955F4-195B-4029-8E2B-01434B9FCBC0}
		{20C9AE1E-2F38-4B37-BBDF-57BF8FF99900} = {83E955F4-195B-4029-8E2B-01434B9FCBC0}
		{B6BB824D-2C13-4114-956E-4DB06D75B82F} = {83E955F4-195B-4029-8E2B-01434B9FCBC0}
		{DC3338A0-7254-432B-81EB-41E0DBC430AA} = {83E955F4-195B-4029-8E2B-01434B9FCBC0}
		{338ABBB3-2A49-4535-B65D-860CD2435C0D} = {80CB3205-D096-4A26-9B30-CD9E86899912}
		{1E4F45B4-C69A-4181-8523-D4F93DD1111C} = {80CB3205-D096-4A26-9B30-CD9E86899912}
		{00EC4438-3B18-41CB-94CB-425194B2D310} = {80CB3205-D096-4A26-9B30-CD9E86899912}
		{CC8AF422-FC65-4B92-A875-048954CC6734} = {80CB3205-D096-4A26-9B30-CD9E86899912}
		{1C6282C3-1CF2-4691-B947-1BFE0DF5D9D2} = {80CB3205-D096-4A26-9B30-CD9E86899912}
		{746FD131-BC80-490F-9AFA-85BE7C3A318F} = {80CB3205-D096-4A26-9B30-CD9E86899912}
		{E60F6689-D975-41A9-A4D7-3C08B0D4D9D9} = {80CB3205-D096-4A26-9B30-CD9E86899912}
		{88AAEC16-30E7-44CD-AC5A-D8598FD563F5} = {80CB3205-D096-4A26-9B30-CD9E86899912}
		{C49021C5-98EE-45A6-B6C0-0367DD229B89} = {80CB3205-D096-4A26-9B30-CD9E86899912}
	EndGlobalSection
	GlobalSection(ExtensibilityGlobals) = postSolution
		SolutionGuid = {4AC7A728-E609-482A-8284-0309DF82AE55}
	EndGlobalSection
EndGlobal
